// !$*UTF8*$!
{
	archiveVersion = 1;
	classes = {
	};
	objectVersion = 46;
	objects = {

/* Begin PBXBuildFile section */
		3E14EDCA15230DAF00080364 /* GCContext.h in Headers */ = {isa = PBXBuildFile; fileRef = 3E14EDC815230DAE00080364 /* GCContext.h */; };
		3E14EDCB15230DAF00080364 /* GCContext.m in Sources */ = {isa = PBXBuildFile; fileRef = 3E14EDC915230DAE00080364 /* GCContext.m */; };
		3E1C3E6A151C319C005E09E1 /* Cocoa.framework in Frameworks */ = {isa = PBXBuildFile; fileRef = 3E1C3E69151C319C005E09E1 /* Cocoa.framework */; };
		3E1C3E74151C319C005E09E1 /* InfoPlist.strings in Resources */ = {isa = PBXBuildFile; fileRef = 3E1C3E72151C319C005E09E1 /* InfoPlist.strings */; };
		3E1C3E80151C319D005E09E1 /* SenTestingKit.framework in Frameworks */ = {isa = PBXBuildFile; fileRef = 3E1C3E7F151C319D005E09E1 /* SenTestingKit.framework */; };
		3E1C3E81151C319D005E09E1 /* Cocoa.framework in Frameworks */ = {isa = PBXBuildFile; fileRef = 3E1C3E69151C319C005E09E1 /* Cocoa.framework */; };
		3E1C3E84151C319D005E09E1 /* Gedcom.framework in Frameworks */ = {isa = PBXBuildFile; fileRef = 3E1C3E66151C319C005E09E1 /* Gedcom.framework */; };
		3E1C3E8A151C319D005E09E1 /* InfoPlist.strings in Resources */ = {isa = PBXBuildFile; fileRef = 3E1C3E88151C319D005E09E1 /* InfoPlist.strings */; };
		3E252F0F1523915A00BAFCB1 /* GCHeader.h in Headers */ = {isa = PBXBuildFile; fileRef = 3E252F0D1523915900BAFCB1 /* GCHeader.h */; };
		3E252F101523915A00BAFCB1 /* GCHeader.m in Sources */ = {isa = PBXBuildFile; fileRef = 3E252F0E1523915900BAFCB1 /* GCHeader.m */; };
		3E29DB1A154A1D9600756CF4 /* GCDateAgeMathTests.m in Sources */ = {isa = PBXBuildFile; fileRef = 3E29DB18154A1C3800756CF4 /* GCDateAgeMathTests.m */; };
		3E4373551521CB7200BA362F /* GCAttribute.h in Headers */ = {isa = PBXBuildFile; fileRef = 3E4373531521CB7200BA362F /* GCAttribute.h */; };
		3E4373561521CB7200BA362F /* GCAttribute.m in Sources */ = {isa = PBXBuildFile; fileRef = 3E4373541521CB7200BA362F /* GCAttribute.m */; };
		3E57557B15202A9600A918D1 /* GCValue.h in Headers */ = {isa = PBXBuildFile; fileRef = 3E57557915202A9600A918D1 /* GCValue.h */; };
		3E57557C15202A9600A918D1 /* GCValue.m in Sources */ = {isa = PBXBuildFile; fileRef = 3E57557A15202A9600A918D1 /* GCValue.m */; };
		3E575580152057B200A918D1 /* GCChangedDateFormatter.h in Headers */ = {isa = PBXBuildFile; fileRef = 3E57557E152057B200A918D1 /* GCChangedDateFormatter.h */; };
		3E575581152057B200A918D1 /* GCChangedDateFormatter.m in Sources */ = {isa = PBXBuildFile; fileRef = 3E57557F152057B200A918D1 /* GCChangedDateFormatter.m */; };
		3E57558815217C0E00A918D1 /* GCObject.h in Headers */ = {isa = PBXBuildFile; fileRef = 3E57558615217C0D00A918D1 /* GCObject.h */; };
		3E57558915217C0E00A918D1 /* GCObject.m in Sources */ = {isa = PBXBuildFile; fileRef = 3E57558715217C0D00A918D1 /* GCObject.m */; };
		3E57558D15217C2F00A918D1 /* GCProperty.h in Headers */ = {isa = PBXBuildFile; fileRef = 3E57558B15217C2F00A918D1 /* GCProperty.h */; };
		3E57558E15217C2F00A918D1 /* GCProperty.m in Sources */ = {isa = PBXBuildFile; fileRef = 3E57558C15217C2F00A918D1 /* GCProperty.m */; };
		3E57559115217C3B00A918D1 /* GCRelationship.h in Headers */ = {isa = PBXBuildFile; fileRef = 3E57558F15217C3B00A918D1 /* GCRelationship.h */; };
		3E57559215217C3B00A918D1 /* GCRelationship.m in Sources */ = {isa = PBXBuildFile; fileRef = 3E57559015217C3B00A918D1 /* GCRelationship.m */; };
		3E57559515218A9200A918D1 /* GCFile.h in Headers */ = {isa = PBXBuildFile; fileRef = 3E57559315218A9200A918D1 /* GCFile.h */; };
		3E57559615218A9200A918D1 /* GCFile.m in Sources */ = {isa = PBXBuildFile; fileRef = 3E57559415218A9200A918D1 /* GCFile.m */; };
		3E5F5098151DCC7B00A433A6 /* README.md in Resources */ = {isa = PBXBuildFile; fileRef = 3E5F5097151DCC7B00A433A6 /* README.md */; };
		3E5F50C2151DF2E800A433A6 /* Gedcom.h in Headers */ = {isa = PBXBuildFile; fileRef = 3E5F50C0151DF2E800A433A6 /* Gedcom.h */; };
		3E5F50C6151DFB0000A433A6 /* GCTagTests.m in Sources */ = {isa = PBXBuildFile; fileRef = 3E5F50C5151DFB0000A433A6 /* GCTagTests.m */; };
		3E5F50C9151E02C300A433A6 /* GCEntity.h in Headers */ = {isa = PBXBuildFile; fileRef = 3E5F50C7151E02C300A433A6 /* GCEntity.h */; };
		3E5F50CA151E02C300A433A6 /* GCEntity.m in Sources */ = {isa = PBXBuildFile; fileRef = 3E5F50C8151E02C300A433A6 /* GCEntity.m */; };
		3E5F50CD151E27BA00A433A6 /* GCObjectTests.m in Sources */ = {isa = PBXBuildFile; fileRef = 3E5F50CC151E27BA00A433A6 /* GCObjectTests.m */; };
		3E75A92F1547A55A00F85777 /* GCKeyValueTests.m in Sources */ = {isa = PBXBuildFile; fileRef = 3E75A92E1547A55A00F85777 /* GCKeyValueTests.m */; };
		3EB5ABD3153615E10036B4D5 /* GCMutableOrderedSetProxy.h in Headers */ = {isa = PBXBuildFile; fileRef = 3EB5ABD1153615E10036B4D5 /* GCMutableOrderedSetProxy.h */; };
		3EB5ABD4153615E10036B4D5 /* GCMutableOrderedSetProxy.m in Sources */ = {isa = PBXBuildFile; fileRef = 3EB5ABD2153615E10036B4D5 /* GCMutableOrderedSetProxy.m */; };
		3EB5ABD6153619280036B4D5 /* tags.json in Resources */ = {isa = PBXBuildFile; fileRef = 3EB5ABD5153619280036B4D5 /* tags.json */; };
		3EECFD66151C32630074E26C /* GCAge.h in Headers */ = {isa = PBXBuildFile; fileRef = 3EECFD3A151C32630074E26C /* GCAge.h */; };
		3EECFD67151C32630074E26C /* GCAge.m in Sources */ = {isa = PBXBuildFile; fileRef = 3EECFD3B151C32630074E26C /* GCAge.m */; };
		3EECFD6A151C32630074E26C /* GCAgeFormatter.h in Headers */ = {isa = PBXBuildFile; fileRef = 3EECFD3E151C32630074E26C /* GCAgeFormatter.h */; };
		3EECFD6B151C32630074E26C /* GCAgeFormatter.m in Sources */ = {isa = PBXBuildFile; fileRef = 3EECFD3F151C32630074E26C /* GCAgeFormatter.m */; };
		3EECFD74151C32630074E26C /* GCDate.h in Headers */ = {isa = PBXBuildFile; fileRef = 3EECFD48151C32630074E26C /* GCDate.h */; };
		3EECFD75151C32630074E26C /* GCDate.m in Sources */ = {isa = PBXBuildFile; fileRef = 3EECFD49151C32630074E26C /* GCDate.m */; };
		3EECFD78151C32630074E26C /* GCDateFormatter.h in Headers */ = {isa = PBXBuildFile; fileRef = 3EECFD4C151C32630074E26C /* GCDateFormatter.h */; };
		3EECFD79151C32630074E26C /* GCDateFormatter.m in Sources */ = {isa = PBXBuildFile; fileRef = 3EECFD4D151C32630074E26C /* GCDateFormatter.m */; };
		3EECFD8A151C32630074E26C /* GCNode.h in Headers */ = {isa = PBXBuildFile; fileRef = 3EECFD5E151C32630074E26C /* GCNode.h */; };
		3EECFD8B151C32630074E26C /* GCNode.m in Sources */ = {isa = PBXBuildFile; fileRef = 3EECFD5F151C32630074E26C /* GCNode.m */; };
		3EF7A1BD151C3661004A8540 /* ParseKit.framework in Frameworks */ = {isa = PBXBuildFile; fileRef = 3EF7A1BA151C363C004A8540 /* ParseKit.framework */; };
		3EF7A1C0151C36DD004A8540 /* gedcom.age.grammar in Resources */ = {isa = PBXBuildFile; fileRef = 3EF7A1BE151C36DD004A8540 /* gedcom.age.grammar */; };
		3EF7A1C1151C36DD004A8540 /* gedcom.date.grammar in Resources */ = {isa = PBXBuildFile; fileRef = 3EF7A1BF151C36DD004A8540 /* gedcom.date.grammar */; };
		3EF7A1C8151C3873004A8540 /* GCAgeTests.m in Sources */ = {isa = PBXBuildFile; fileRef = 3EF7A1C6151C3873004A8540 /* GCAgeTests.m */; };
		3EF7A1C9151C3873004A8540 /* GCDateTests.m in Sources */ = {isa = PBXBuildFile; fileRef = 3EF7A1C7151C3873004A8540 /* GCDateTests.m */; };
		3EF7A1CC151C57A4004A8540 /* GCTag.h in Headers */ = {isa = PBXBuildFile; fileRef = 3EF7A1CA151C57A2004A8540 /* GCTag.h */; };
		3EF7A1CD151C57A4004A8540 /* GCTag.m in Sources */ = {isa = PBXBuildFile; fileRef = 3EF7A1CB151C57A3004A8540 /* GCTag.m */; };
		3EF7A1CF151C5F8E004A8540 /* GCNodeTests.m in Sources */ = {isa = PBXBuildFile; fileRef = 3EF7A1CE151C5F8E004A8540 /* GCNodeTests.m */; };
		3EF7A1D6151C600C004A8540 /* allged.ged in Resources */ = {isa = PBXBuildFile; fileRef = 3EF7A1D4151C600C004A8540 /* allged.ged */; };
		3EF7A1D7151C600C004A8540 /* simple.ged in Resources */ = {isa = PBXBuildFile; fileRef = 3EF7A1D5151C600C004A8540 /* simple.ged */; };
/* End PBXBuildFile section */

/* Begin PBXContainerItemProxy section */
		3E1C3E82151C319D005E09E1 /* PBXContainerItemProxy */ = {
			isa = PBXContainerItemProxy;
			containerPortal = 3E1C3E5C151C319C005E09E1 /* Project object */;
			proxyType = 1;
			remoteGlobalIDString = 3E1C3E65151C319C005E09E1;
			remoteInfo = Gedcom;
		};
/* End PBXContainerItemProxy section */

/* Begin PBXFileReference section */
		3E14EDC815230DAE00080364 /* GCContext.h */ = {isa = PBXFileReference; fileEncoding = 4; lastKnownFileType = sourcecode.c.h; path = GCContext.h; sourceTree = "<group>"; };
		3E14EDC915230DAE00080364 /* GCContext.m */ = {isa = PBXFileReference; fileEncoding = 4; lastKnownFileType = sourcecode.c.objc; path = GCContext.m; sourceTree = "<group>"; };
		3E1C3E66151C319C005E09E1 /* Gedcom.framework */ = {isa = PBXFileReference; explicitFileType = wrapper.framework; includeInIndex = 0; path = Gedcom.framework; sourceTree = BUILT_PRODUCTS_DIR; };
		3E1C3E69151C319C005E09E1 /* Cocoa.framework */ = {isa = PBXFileReference; lastKnownFileType = wrapper.framework; name = Cocoa.framework; path = System/Library/Frameworks/Cocoa.framework; sourceTree = SDKROOT; };
		3E1C3E6C151C319C005E09E1 /* AppKit.framework */ = {isa = PBXFileReference; lastKnownFileType = wrapper.framework; name = AppKit.framework; path = System/Library/Frameworks/AppKit.framework; sourceTree = SDKROOT; };
		3E1C3E6D151C319C005E09E1 /* CoreData.framework */ = {isa = PBXFileReference; lastKnownFileType = wrapper.framework; name = CoreData.framework; path = System/Library/Frameworks/CoreData.framework; sourceTree = SDKROOT; };
		3E1C3E6E151C319C005E09E1 /* Foundation.framework */ = {isa = PBXFileReference; lastKnownFileType = wrapper.framework; name = Foundation.framework; path = System/Library/Frameworks/Foundation.framework; sourceTree = SDKROOT; };
		3E1C3E71151C319C005E09E1 /* Gedcom-Info.plist */ = {isa = PBXFileReference; lastKnownFileType = text.plist.xml; path = "Gedcom-Info.plist"; sourceTree = "<group>"; };
		3E1C3E73151C319C005E09E1 /* en */ = {isa = PBXFileReference; lastKnownFileType = text.plist.strings; name = en; path = en.lproj/InfoPlist.strings; sourceTree = "<group>"; };
		3E1C3E75151C319C005E09E1 /* Gedcom-Prefix.pch */ = {isa = PBXFileReference; lastKnownFileType = sourcecode.c.h; path = "Gedcom-Prefix.pch"; sourceTree = "<group>"; };
		3E1C3E7E151C319D005E09E1 /* GedcomTests.octest */ = {isa = PBXFileReference; explicitFileType = wrapper.cfbundle; includeInIndex = 0; path = GedcomTests.octest; sourceTree = BUILT_PRODUCTS_DIR; };
		3E1C3E7F151C319D005E09E1 /* SenTestingKit.framework */ = {isa = PBXFileReference; lastKnownFileType = wrapper.framework; name = SenTestingKit.framework; path = Library/Frameworks/SenTestingKit.framework; sourceTree = DEVELOPER_DIR; };
		3E1C3E87151C319D005E09E1 /* GedcomTests-Info.plist */ = {isa = PBXFileReference; lastKnownFileType = text.plist.xml; path = "GedcomTests-Info.plist"; sourceTree = "<group>"; };
		3E1C3E89151C319D005E09E1 /* en */ = {isa = PBXFileReference; lastKnownFileType = text.plist.strings; name = en; path = en.lproj/InfoPlist.strings; sourceTree = "<group>"; };
		3E252F0D1523915900BAFCB1 /* GCHeader.h */ = {isa = PBXFileReference; fileEncoding = 4; lastKnownFileType = sourcecode.c.h; path = GCHeader.h; sourceTree = "<group>"; };
		3E252F0E1523915900BAFCB1 /* GCHeader.m */ = {isa = PBXFileReference; fileEncoding = 4; lastKnownFileType = sourcecode.c.objc; path = GCHeader.m; sourceTree = "<group>"; };
		3E29DB18154A1C3800756CF4 /* GCDateAgeMathTests.m */ = {isa = PBXFileReference; fileEncoding = 4; lastKnownFileType = sourcecode.c.objc; path = GCDateAgeMathTests.m; sourceTree = "<group>"; };
		3E4373531521CB7200BA362F /* GCAttribute.h */ = {isa = PBXFileReference; fileEncoding = 4; lastKnownFileType = sourcecode.c.h; lineEnding = 0; path = GCAttribute.h; sourceTree = "<group>"; xcLanguageSpecificationIdentifier = xcode.lang.objcpp; };
		3E4373541521CB7200BA362F /* GCAttribute.m */ = {isa = PBXFileReference; fileEncoding = 4; lastKnownFileType = sourcecode.c.objc; lineEnding = 0; path = GCAttribute.m; sourceTree = "<group>"; xcLanguageSpecificationIdentifier = xcode.lang.objc; };
		3E57557915202A9600A918D1 /* GCValue.h */ = {isa = PBXFileReference; fileEncoding = 4; lastKnownFileType = sourcecode.c.h; path = GCValue.h; sourceTree = "<group>"; };
		3E57557A15202A9600A918D1 /* GCValue.m */ = {isa = PBXFileReference; fileEncoding = 4; lastKnownFileType = sourcecode.c.objc; path = GCValue.m; sourceTree = "<group>"; };
		3E57557E152057B200A918D1 /* GCChangedDateFormatter.h */ = {isa = PBXFileReference; fileEncoding = 4; lastKnownFileType = sourcecode.c.h; path = GCChangedDateFormatter.h; sourceTree = "<group>"; };
		3E57557F152057B200A918D1 /* GCChangedDateFormatter.m */ = {isa = PBXFileReference; fileEncoding = 4; lastKnownFileType = sourcecode.c.objc; path = GCChangedDateFormatter.m; sourceTree = "<group>"; };
		3E57558615217C0D00A918D1 /* GCObject.h */ = {isa = PBXFileReference; fileEncoding = 4; lastKnownFileType = sourcecode.c.h; path = GCObject.h; sourceTree = "<group>"; };
		3E57558715217C0D00A918D1 /* GCObject.m */ = {isa = PBXFileReference; fileEncoding = 4; lastKnownFileType = sourcecode.c.objc; path = GCObject.m; sourceTree = "<group>"; };
		3E57558B15217C2F00A918D1 /* GCProperty.h */ = {isa = PBXFileReference; fileEncoding = 4; lastKnownFileType = sourcecode.c.h; path = GCProperty.h; sourceTree = "<group>"; };
		3E57558C15217C2F00A918D1 /* GCProperty.m */ = {isa = PBXFileReference; fileEncoding = 4; lastKnownFileType = sourcecode.c.objc; path = GCProperty.m; sourceTree = "<group>"; };
		3E57558F15217C3B00A918D1 /* GCRelationship.h */ = {isa = PBXFileReference; fileEncoding = 4; lastKnownFileType = sourcecode.c.h; path = GCRelationship.h; sourceTree = "<group>"; };
		3E57559015217C3B00A918D1 /* GCRelationship.m */ = {isa = PBXFileReference; fileEncoding = 4; lastKnownFileType = sourcecode.c.objc; path = GCRelationship.m; sourceTree = "<group>"; };
		3E57559315218A9200A918D1 /* GCFile.h */ = {isa = PBXFileReference; fileEncoding = 4; lastKnownFileType = sourcecode.c.h; path = GCFile.h; sourceTree = "<group>"; };
		3E57559415218A9200A918D1 /* GCFile.m */ = {isa = PBXFileReference; fileEncoding = 4; lastKnownFileType = sourcecode.c.objc; path = GCFile.m; sourceTree = "<group>"; };
		3E5F5097151DCC7B00A433A6 /* README.md */ = {isa = PBXFileReference; fileEncoding = 4; lastKnownFileType = text; path = README.md; sourceTree = "<group>"; };
		3E5F50C0151DF2E800A433A6 /* Gedcom.h */ = {isa = PBXFileReference; fileEncoding = 4; lastKnownFileType = sourcecode.c.h; path = Gedcom.h; sourceTree = "<group>"; };
		3E5F50C5151DFB0000A433A6 /* GCTagTests.m */ = {isa = PBXFileReference; fileEncoding = 4; lastKnownFileType = sourcecode.c.objc; path = GCTagTests.m; sourceTree = "<group>"; };
		3E5F50C7151E02C300A433A6 /* GCEntity.h */ = {isa = PBXFileReference; fileEncoding = 4; lastKnownFileType = sourcecode.c.h; path = GCEntity.h; sourceTree = "<group>"; };
		3E5F50C8151E02C300A433A6 /* GCEntity.m */ = {isa = PBXFileReference; fileEncoding = 4; lastKnownFileType = sourcecode.c.objc; path = GCEntity.m; sourceTree = "<group>"; };
		3E5F50CC151E27BA00A433A6 /* GCObjectTests.m */ = {isa = PBXFileReference; fileEncoding = 4; lastKnownFileType = sourcecode.c.objc; path = GCObjectTests.m; sourceTree = "<group>"; };
		3E75A92E1547A55A00F85777 /* GCKeyValueTests.m */ = {isa = PBXFileReference; fileEncoding = 4; lastKnownFileType = sourcecode.c.objc; path = GCKeyValueTests.m; sourceTree = "<group>"; };
		3EB5ABD1153615E10036B4D5 /* GCMutableOrderedSetProxy.h */ = {isa = PBXFileReference; fileEncoding = 4; lastKnownFileType = sourcecode.c.h; path = GCMutableOrderedSetProxy.h; sourceTree = "<group>"; };
		3EB5ABD2153615E10036B4D5 /* GCMutableOrderedSetProxy.m */ = {isa = PBXFileReference; fileEncoding = 4; lastKnownFileType = sourcecode.c.objc; path = GCMutableOrderedSetProxy.m; sourceTree = "<group>"; };
		3EB5ABD5153619280036B4D5 /* tags.json */ = {isa = PBXFileReference; fileEncoding = 4; lastKnownFileType = text.json; path = tags.json; sourceTree = "<group>"; usesTabs = 0; };
		3EECFD3A151C32630074E26C /* GCAge.h */ = {isa = PBXFileReference; fileEncoding = 4; lastKnownFileType = sourcecode.c.h; path = GCAge.h; sourceTree = "<group>"; };
		3EECFD3B151C32630074E26C /* GCAge.m */ = {isa = PBXFileReference; fileEncoding = 4; lastKnownFileType = sourcecode.c.objc; path = GCAge.m; sourceTree = "<group>"; };
		3EECFD3E151C32630074E26C /* GCAgeFormatter.h */ = {isa = PBXFileReference; fileEncoding = 4; lastKnownFileType = sourcecode.c.h; path = GCAgeFormatter.h; sourceTree = "<group>"; };
		3EECFD3F151C32630074E26C /* GCAgeFormatter.m */ = {isa = PBXFileReference; fileEncoding = 4; lastKnownFileType = sourcecode.c.objc; path = GCAgeFormatter.m; sourceTree = "<group>"; };
		3EECFD48151C32630074E26C /* GCDate.h */ = {isa = PBXFileReference; fileEncoding = 4; lastKnownFileType = sourcecode.c.h; path = GCDate.h; sourceTree = "<group>"; };
		3EECFD49151C32630074E26C /* GCDate.m */ = {isa = PBXFileReference; fileEncoding = 4; lastKnownFileType = sourcecode.c.objc; path = GCDate.m; sourceTree = "<group>"; };
		3EECFD4C151C32630074E26C /* GCDateFormatter.h */ = {isa = PBXFileReference; fileEncoding = 4; lastKnownFileType = sourcecode.c.h; path = GCDateFormatter.h; sourceTree = "<group>"; };
		3EECFD4D151C32630074E26C /* GCDateFormatter.m */ = {isa = PBXFileReference; fileEncoding = 4; lastKnownFileType = sourcecode.c.objc; path = GCDateFormatter.m; sourceTree = "<group>"; };
		3EECFD5E151C32630074E26C /* GCNode.h */ = {isa = PBXFileReference; fileEncoding = 4; lastKnownFileType = sourcecode.c.h; path = GCNode.h; sourceTree = "<group>"; };
		3EECFD5F151C32630074E26C /* GCNode.m */ = {isa = PBXFileReference; fileEncoding = 4; lastKnownFileType = sourcecode.c.objc; path = GCNode.m; sourceTree = "<group>"; };
		3EF7A1BA151C363C004A8540 /* ParseKit.framework */ = {isa = PBXFileReference; lastKnownFileType = wrapper.framework; path = ParseKit.framework; sourceTree = "<group>"; };
		3EF7A1BE151C36DD004A8540 /* gedcom.age.grammar */ = {isa = PBXFileReference; fileEncoding = 4; lastKnownFileType = text; name = gedcom.age.grammar; path = Gedcom/gedcom.age.grammar; sourceTree = SOURCE_ROOT; };
		3EF7A1BF151C36DD004A8540 /* gedcom.date.grammar */ = {isa = PBXFileReference; fileEncoding = 4; lastKnownFileType = text; name = gedcom.date.grammar; path = Gedcom/gedcom.date.grammar; sourceTree = SOURCE_ROOT; };
		3EF7A1C6151C3873004A8540 /* GCAgeTests.m */ = {isa = PBXFileReference; fileEncoding = 4; lastKnownFileType = sourcecode.c.objc; path = GCAgeTests.m; sourceTree = "<group>"; };
		3EF7A1C7151C3873004A8540 /* GCDateTests.m */ = {isa = PBXFileReference; fileEncoding = 4; lastKnownFileType = sourcecode.c.objc; path = GCDateTests.m; sourceTree = "<group>"; };
		3EF7A1CA151C57A2004A8540 /* GCTag.h */ = {isa = PBXFileReference; fileEncoding = 4; lastKnownFileType = sourcecode.c.h; path = GCTag.h; sourceTree = "<group>"; };
		3EF7A1CB151C57A3004A8540 /* GCTag.m */ = {isa = PBXFileReference; fileEncoding = 4; lastKnownFileType = sourcecode.c.objc; path = GCTag.m; sourceTree = "<group>"; };
		3EF7A1CE151C5F8E004A8540 /* GCNodeTests.m */ = {isa = PBXFileReference; fileEncoding = 4; lastKnownFileType = sourcecode.c.objc; path = GCNodeTests.m; sourceTree = "<group>"; };
		3EF7A1D4151C600C004A8540 /* allged.ged */ = {isa = PBXFileReference; fileEncoding = 4; lastKnownFileType = text; path = allged.ged; sourceTree = "<group>"; };
		3EF7A1D5151C600C004A8540 /* simple.ged */ = {isa = PBXFileReference; fileEncoding = 4; lastKnownFileType = text; path = simple.ged; sourceTree = "<group>"; };
/* End PBXFileReference section */

/* Begin PBXFrameworksBuildPhase section */
		3E1C3E62151C319C005E09E1 /* Frameworks */ = {
			isa = PBXFrameworksBuildPhase;
			buildActionMask = 2147483647;
			files = (
				3EF7A1BD151C3661004A8540 /* ParseKit.framework in Frameworks */,
				3E1C3E6A151C319C005E09E1 /* Cocoa.framework in Frameworks */,
			);
			runOnlyForDeploymentPostprocessing = 0;
		};
		3E1C3E7A151C319D005E09E1 /* Frameworks */ = {
			isa = PBXFrameworksBuildPhase;
			buildActionMask = 2147483647;
			files = (
				3E1C3E80151C319D005E09E1 /* SenTestingKit.framework in Frameworks */,
				3E1C3E81151C319D005E09E1 /* Cocoa.framework in Frameworks */,
				3E1C3E84151C319D005E09E1 /* Gedcom.framework in Frameworks */,
			);
			runOnlyForDeploymentPostprocessing = 0;
		};
/* End PBXFrameworksBuildPhase section */

/* Begin PBXGroup section */
		3E14EDC715230A3000080364 /* Nodes */ = {
			isa = PBXGroup;
			children = (
				3EECFD5E151C32630074E26C /* GCNode.h */,
				3EECFD5F151C32630074E26C /* GCNode.m */,
			);
			name = Nodes;
			sourceTree = "<group>";
		};
		3E14EDCC15230FE400080364 /* Values */ = {
			isa = PBXGroup;
			children = (
				3E57557915202A9600A918D1 /* GCValue.h */,
				3E57557A15202A9600A918D1 /* GCValue.m */,
				3EECFD93151C33590074E26C /* Ages */,
				3EECFD94151C33640074E26C /* Dates */,
			);
			name = Values;
			sourceTree = "<group>";
		};
		3E1C3E5A151C319B005E09E1 = {
			isa = PBXGroup;
			children = (
				3E5F5097151DCC7B00A433A6 /* README.md */,
				3E1C3E6F151C319C005E09E1 /* Gedcom */,
				3E1C3E85151C319D005E09E1 /* GedcomTests */,
				3E1C3E68151C319C005E09E1 /* Frameworks */,
				3E1C3E67151C319C005E09E1 /* Products */,
			);
			sourceTree = "<group>";
		};
		3E1C3E67151C319C005E09E1 /* Products */ = {
			isa = PBXGroup;
			children = (
				3E1C3E66151C319C005E09E1 /* Gedcom.framework */,
				3E1C3E7E151C319D005E09E1 /* GedcomTests.octest */,
			);
			name = Products;
			sourceTree = "<group>";
		};
		3E1C3E68151C319C005E09E1 /* Frameworks */ = {
			isa = PBXGroup;
			children = (
				3E1C3E69151C319C005E09E1 /* Cocoa.framework */,
				3E1C3E7F151C319D005E09E1 /* SenTestingKit.framework */,
				3E1C3E6B151C319C005E09E1 /* Other Frameworks */,
			);
			name = Frameworks;
			sourceTree = "<group>";
		};
		3E1C3E6B151C319C005E09E1 /* Other Frameworks */ = {
			isa = PBXGroup;
			children = (
				3EF7A1BA151C363C004A8540 /* ParseKit.framework */,
				3E1C3E6C151C319C005E09E1 /* AppKit.framework */,
				3E1C3E6D151C319C005E09E1 /* CoreData.framework */,
				3E1C3E6E151C319C005E09E1 /* Foundation.framework */,
			);
			name = "Other Frameworks";
			sourceTree = "<group>";
		};
		3E1C3E6F151C319C005E09E1 /* Gedcom */ = {
			isa = PBXGroup;
			children = (
				3E5F50C0151DF2E800A433A6 /* Gedcom.h */,
				3E14EDC715230A3000080364 /* Nodes */,
				3EF7A1CA151C57A2004A8540 /* GCTag.h */,
				3EF7A1CB151C57A3004A8540 /* GCTag.m */,
				3E57559315218A9200A918D1 /* GCFile.h */,
				3E57559415218A9200A918D1 /* GCFile.m */,
				3E14EDC815230DAE00080364 /* GCContext.h */,
				3E14EDC915230DAE00080364 /* GCContext.m */,
				3E57558A15217C1600A918D1 /* Objects */,
				3E14EDCC15230FE400080364 /* Values */,
				3EB5ABCF153615CD0036B4D5 /* Helpers */,
				3E1C3E70151C319C005E09E1 /* Supporting Files */,
			);
			path = Gedcom;
			sourceTree = "<group>";
		};
		3E1C3E70151C319C005E09E1 /* Supporting Files */ = {
			isa = PBXGroup;
			children = (
				3EF7A1BE151C36DD004A8540 /* gedcom.age.grammar */,
				3EF7A1BF151C36DD004A8540 /* gedcom.date.grammar */,
				3E1C3E71151C319C005E09E1 /* Gedcom-Info.plist */,
				3E1C3E72151C319C005E09E1 /* InfoPlist.strings */,
				3E1C3E75151C319C005E09E1 /* Gedcom-Prefix.pch */,
				3EB5ABD5153619280036B4D5 /* tags.json */,
			);
			name = "Supporting Files";
			sourceTree = "<group>";
		};
		3E1C3E85151C319D005E09E1 /* GedcomTests */ = {
			isa = PBXGroup;
			children = (
				3E5F50C5151DFB0000A433A6 /* GCTagTests.m */,
				3EF7A1CE151C5F8E004A8540 /* GCNodeTests.m */,
				3E5F50CC151E27BA00A433A6 /* GCObjectTests.m */,
				3EF7A1C6151C3873004A8540 /* GCAgeTests.m */,
				3EF7A1C7151C3873004A8540 /* GCDateTests.m */,
				3E29DB18154A1C3800756CF4 /* GCDateAgeMathTests.m */,
				3E75A92E1547A55A00F85777 /* GCKeyValueTests.m */,
				3E1C3E86151C319D005E09E1 /* Supporting Files */,
			);
			path = GedcomTests;
			sourceTree = "<group>";
		};
		3E1C3E86151C319D005E09E1 /* Supporting Files */ = {
			isa = PBXGroup;
			children = (
				3EF7A1D4151C600C004A8540 /* allged.ged */,
				3EF7A1D5151C600C004A8540 /* simple.ged */,
				3E1C3E87151C319D005E09E1 /* GedcomTests-Info.plist */,
				3E1C3E88151C319D005E09E1 /* InfoPlist.strings */,
			);
			name = "Supporting Files";
			sourceTree = "<group>";
		};
		3E4373591521CF1400BA362F /* Properties */ = {
			isa = PBXGroup;
			children = (
				3E57558B15217C2F00A918D1 /* GCProperty.h */,
				3E57558C15217C2F00A918D1 /* GCProperty.m */,
				3E4373531521CB7200BA362F /* GCAttribute.h */,
				3E4373541521CB7200BA362F /* GCAttribute.m */,
				3E57558F15217C3B00A918D1 /* GCRelationship.h */,
				3E57559015217C3B00A918D1 /* GCRelationship.m */,
			);
			name = Properties;
			sourceTree = "<group>";
		};
		3E57558A15217C1600A918D1 /* Objects */ = {
			isa = PBXGroup;
			children = (
				3E57558615217C0D00A918D1 /* GCObject.h */,
				3E57558715217C0D00A918D1 /* GCObject.m */,
				3E252F0D1523915900BAFCB1 /* GCHeader.h */,
				3E252F0E1523915900BAFCB1 /* GCHeader.m */,
				3E5F50C7151E02C300A433A6 /* GCEntity.h */,
				3E5F50C8151E02C300A433A6 /* GCEntity.m */,
				3E4373591521CF1400BA362F /* Properties */,
			);
			name = Objects;
			sourceTree = "<group>";
		};
		3EB5ABCF153615CD0036B4D5 /* Helpers */ = {
			isa = PBXGroup;
			children = (
				3EB5ABD1153615E10036B4D5 /* GCMutableOrderedSetProxy.h */,
				3EB5ABD2153615E10036B4D5 /* GCMutableOrderedSetProxy.m */,
				3E57557E152057B200A918D1 /* GCChangedDateFormatter.h */,
				3E57557F152057B200A918D1 /* GCChangedDateFormatter.m */,
			);
			name = Helpers;
			sourceTree = "<group>";
		};
		3EECFD93151C33590074E26C /* Ages */ = {
			isa = PBXGroup;
			children = (
				3EECFD3A151C32630074E26C /* GCAge.h */,
				3EECFD3B151C32630074E26C /* GCAge.m */,
				3EECFD3E151C32630074E26C /* GCAgeFormatter.h */,
				3EECFD3F151C32630074E26C /* GCAgeFormatter.m */,
			);
			name = Ages;
			sourceTree = "<group>";
		};
		3EECFD94151C33640074E26C /* Dates */ = {
			isa = PBXGroup;
			children = (
				3EECFD48151C32630074E26C /* GCDate.h */,
				3EECFD49151C32630074E26C /* GCDate.m */,
				3EECFD4C151C32630074E26C /* GCDateFormatter.h */,
				3EECFD4D151C32630074E26C /* GCDateFormatter.m */,
			);
			name = Dates;
			sourceTree = "<group>";
		};
/* End PBXGroup section */

/* Begin PBXHeadersBuildPhase section */
		3E1C3E63151C319C005E09E1 /* Headers */ = {
			isa = PBXHeadersBuildPhase;
			buildActionMask = 2147483647;
			files = (
				3EECFD66151C32630074E26C /* GCAge.h in Headers */,
				3EECFD6A151C32630074E26C /* GCAgeFormatter.h in Headers */,
				3EECFD74151C32630074E26C /* GCDate.h in Headers */,
				3EECFD78151C32630074E26C /* GCDateFormatter.h in Headers */,
				3EECFD8A151C32630074E26C /* GCNode.h in Headers */,
				3EF7A1CC151C57A4004A8540 /* GCTag.h in Headers */,
				3E5F50C2151DF2E800A433A6 /* Gedcom.h in Headers */,
				3E5F50C9151E02C300A433A6 /* GCEntity.h in Headers */,
				3E57557B15202A9600A918D1 /* GCValue.h in Headers */,
				3E575580152057B200A918D1 /* GCChangedDateFormatter.h in Headers */,
				3E57558815217C0E00A918D1 /* GCObject.h in Headers */,
				3E57558D15217C2F00A918D1 /* GCProperty.h in Headers */,
				3E57559115217C3B00A918D1 /* GCRelationship.h in Headers */,
				3E57559515218A9200A918D1 /* GCFile.h in Headers */,
				3E4373551521CB7200BA362F /* GCAttribute.h in Headers */,
				3E14EDCA15230DAF00080364 /* GCContext.h in Headers */,
				3E252F0F1523915A00BAFCB1 /* GCHeader.h in Headers */,
				3EB5ABD3153615E10036B4D5 /* GCMutableOrderedSetProxy.h in Headers */,
			);
			runOnlyForDeploymentPostprocessing = 0;
		};
/* End PBXHeadersBuildPhase section */

/* Begin PBXNativeTarget section */
		3E1C3E65151C319C005E09E1 /* Gedcom */ = {
			isa = PBXNativeTarget;
			buildConfigurationList = 3E1C3E90151C319D005E09E1 /* Build configuration list for PBXNativeTarget "Gedcom" */;
			buildPhases = (
				3E1C3E61151C319C005E09E1 /* Sources */,
				3E1C3E62151C319C005E09E1 /* Frameworks */,
				3E1C3E63151C319C005E09E1 /* Headers */,
				3E1C3E64151C319C005E09E1 /* Resources */,
			);
			buildRules = (
			);
			dependencies = (
			);
			name = Gedcom;
			productName = Gedcom;
			productReference = 3E1C3E66151C319C005E09E1 /* Gedcom.framework */;
			productType = "com.apple.product-type.framework";
		};
		3E1C3E7D151C319D005E09E1 /* GedcomTests */ = {
			isa = PBXNativeTarget;
			buildConfigurationList = 3E1C3E93151C319D005E09E1 /* Build configuration list for PBXNativeTarget "GedcomTests" */;
			buildPhases = (
				3E1C3E79151C319D005E09E1 /* Sources */,
				3E1C3E7A151C319D005E09E1 /* Frameworks */,
				3E1C3E7B151C319D005E09E1 /* Resources */,
				3E1C3E7C151C319D005E09E1 /* ShellScript */,
			);
			buildRules = (
			);
			dependencies = (
				3E1C3E83151C319D005E09E1 /* PBXTargetDependency */,
			);
			name = GedcomTests;
			productName = GedcomTests;
			productReference = 3E1C3E7E151C319D005E09E1 /* GedcomTests.octest */;
			productType = "com.apple.product-type.bundle";
		};
/* End PBXNativeTarget section */

/* Begin PBXProject section */
		3E1C3E5C151C319C005E09E1 /* Project object */ = {
			isa = PBXProject;
			attributes = {
				LastUpgradeCheck = 0430;
				ORGANIZATIONNAME = "Mikkel Eide Eriksen";
			};
			buildConfigurationList = 3E1C3E5F151C319C005E09E1 /* Build configuration list for PBXProject "Gedcom" */;
			compatibilityVersion = "Xcode 3.2";
			developmentRegion = English;
			hasScannedForEncodings = 0;
			knownRegions = (
				en,
			);
			mainGroup = 3E1C3E5A151C319B005E09E1;
			productRefGroup = 3E1C3E67151C319C005E09E1 /* Products */;
			projectDirPath = "";
			projectRoot = "";
			targets = (
				3E1C3E65151C319C005E09E1 /* Gedcom */,
				3E1C3E7D151C319D005E09E1 /* GedcomTests */,
			);
		};
/* End PBXProject section */

/* Begin PBXResourcesBuildPhase section */
		3E1C3E64151C319C005E09E1 /* Resources */ = {
			isa = PBXResourcesBuildPhase;
			buildActionMask = 2147483647;
			files = (
				3E1C3E74151C319C005E09E1 /* InfoPlist.strings in Resources */,
				3EF7A1C0151C36DD004A8540 /* gedcom.age.grammar in Resources */,
				3EF7A1C1151C36DD004A8540 /* gedcom.date.grammar in Resources */,
				3E5F5098151DCC7B00A433A6 /* README.md in Resources */,
				3EB5ABD6153619280036B4D5 /* tags.json in Resources */,
			);
			runOnlyForDeploymentPostprocessing = 0;
		};
		3E1C3E7B151C319D005E09E1 /* Resources */ = {
			isa = PBXResourcesBuildPhase;
			buildActionMask = 2147483647;
			files = (
				3E1C3E8A151C319D005E09E1 /* InfoPlist.strings in Resources */,
				3EF7A1D6151C600C004A8540 /* allged.ged in Resources */,
				3EF7A1D7151C600C004A8540 /* simple.ged in Resources */,
			);
			runOnlyForDeploymentPostprocessing = 0;
		};
/* End PBXResourcesBuildPhase section */

/* Begin PBXShellScriptBuildPhase section */
		3E1C3E7C151C319D005E09E1 /* ShellScript */ = {
			isa = PBXShellScriptBuildPhase;
			buildActionMask = 2147483647;
			files = (
			);
			inputPaths = (
			);
			outputPaths = (
			);
			runOnlyForDeploymentPostprocessing = 0;
			shellPath = /bin/sh;
			shellScript = "# Run the unit tests in this test bundle.\n\"${SYSTEM_DEVELOPER_DIR}/Tools/RunUnitTests\"\n";
		};
/* End PBXShellScriptBuildPhase section */

/* Begin PBXSourcesBuildPhase section */
		3E1C3E61151C319C005E09E1 /* Sources */ = {
			isa = PBXSourcesBuildPhase;
			buildActionMask = 2147483647;
			files = (
				3EECFD67151C32630074E26C /* GCAge.m in Sources */,
				3EECFD6B151C32630074E26C /* GCAgeFormatter.m in Sources */,
				3EECFD75151C32630074E26C /* GCDate.m in Sources */,
				3EECFD79151C32630074E26C /* GCDateFormatter.m in Sources */,
				3EECFD8B151C32630074E26C /* GCNode.m in Sources */,
				3EF7A1CD151C57A4004A8540 /* GCTag.m in Sources */,
				3E5F50CA151E02C300A433A6 /* GCEntity.m in Sources */,
				3E57557C15202A9600A918D1 /* GCValue.m in Sources */,
				3E575581152057B200A918D1 /* GCChangedDateFormatter.m in Sources */,
				3E57558915217C0E00A918D1 /* GCObject.m in Sources */,
				3E57558E15217C2F00A918D1 /* GCProperty.m in Sources */,
				3E57559215217C3B00A918D1 /* GCRelationship.m in Sources */,
				3E57559615218A9200A918D1 /* GCFile.m in Sources */,
				3E4373561521CB7200BA362F /* GCAttribute.m in Sources */,
				3E14EDCB15230DAF00080364 /* GCContext.m in Sources */,
				3E252F101523915A00BAFCB1 /* GCHeader.m in Sources */,
				3EB5ABD4153615E10036B4D5 /* GCMutableOrderedSetProxy.m in Sources */,
			);
			runOnlyForDeploymentPostprocessing = 0;
		};
		3E1C3E79151C319D005E09E1 /* Sources */ = {
			isa = PBXSourcesBuildPhase;
			buildActionMask = 2147483647;
			files = (
				3EF7A1C8151C3873004A8540 /* GCAgeTests.m in Sources */,
				3EF7A1C9151C3873004A8540 /* GCDateTests.m in Sources */,
				3EF7A1CF151C5F8E004A8540 /* GCNodeTests.m in Sources */,
				3E5F50C6151DFB0000A433A6 /* GCTagTests.m in Sources */,
				3E5F50CD151E27BA00A433A6 /* GCObjectTests.m in Sources */,
				3E75A92F1547A55A00F85777 /* GCKeyValueTests.m in Sources */,
				3E29DB1A154A1D9600756CF4 /* GCDateAgeMathTests.m in Sources */,
			);
			runOnlyForDeploymentPostprocessing = 0;
		};
/* End PBXSourcesBuildPhase section */

/* Begin PBXTargetDependency section */
		3E1C3E83151C319D005E09E1 /* PBXTargetDependency */ = {
			isa = PBXTargetDependency;
			target = 3E1C3E65151C319C005E09E1 /* Gedcom */;
			targetProxy = 3E1C3E82151C319D005E09E1 /* PBXContainerItemProxy */;
		};
/* End PBXTargetDependency section */

/* Begin PBXVariantGroup section */
		3E1C3E72151C319C005E09E1 /* InfoPlist.strings */ = {
			isa = PBXVariantGroup;
			children = (
				3E1C3E73151C319C005E09E1 /* en */,
			);
			name = InfoPlist.strings;
			sourceTree = "<group>";
		};
		3E1C3E88151C319D005E09E1 /* InfoPlist.strings */ = {
			isa = PBXVariantGroup;
			children = (
				3E1C3E89151C319D005E09E1 /* en */,
			);
			name = InfoPlist.strings;
			sourceTree = "<group>";
		};
/* End PBXVariantGroup section */

/* Begin XCBuildConfiguration section */
		3E1C3E8E151C319D005E09E1 /* Debug */ = {
			isa = XCBuildConfiguration;
			buildSettings = {
				ALWAYS_SEARCH_USER_PATHS = NO;
				ARCHS = "$(ARCHS_STANDARD_64_BIT)";
				CLANG_ENABLE_OBJC_ARC = YES;
				COPY_PHASE_STRIP = NO;
				GCC_C_LANGUAGE_STANDARD = gnu99;
				GCC_DYNAMIC_NO_PIC = NO;
				GCC_ENABLE_OBJC_EXCEPTIONS = YES;
				GCC_OPTIMIZATION_LEVEL = 0;
				GCC_PREPROCESSOR_DEFINITIONS = (
					"DEBUG=1",
					"$(inherited)",
				);
				GCC_SYMBOLS_PRIVATE_EXTERN = NO;
				GCC_VERSION = com.apple.compilers.llvm.clang.1_0;
				GCC_WARN_64_TO_32_BIT_CONVERSION = YES;
				GCC_WARN_ABOUT_RETURN_TYPE = YES;
				GCC_WARN_UNINITIALIZED_AUTOS = YES;
				GCC_WARN_UNUSED_VARIABLE = YES;
				MACOSX_DEPLOYMENT_TARGET = 10.7;
				ONLY_ACTIVE_ARCH = YES;
				SDKROOT = macosx;
			};
			name = Debug;
		};
		3E1C3E8F151C319D005E09E1 /* Release */ = {
			isa = XCBuildConfiguration;
			buildSettings = {
				ALWAYS_SEARCH_USER_PATHS = NO;
				ARCHS = "$(ARCHS_STANDARD_64_BIT)";
				CLANG_ENABLE_OBJC_ARC = YES;
				COPY_PHASE_STRIP = YES;
				DEBUG_INFORMATION_FORMAT = "dwarf-with-dsym";
				GCC_C_LANGUAGE_STANDARD = gnu99;
				GCC_ENABLE_OBJC_EXCEPTIONS = YES;
				GCC_VERSION = com.apple.compilers.llvm.clang.1_0;
				GCC_WARN_64_TO_32_BIT_CONVERSION = YES;
				GCC_WARN_ABOUT_RETURN_TYPE = YES;
				GCC_WARN_UNINITIALIZED_AUTOS = YES;
				GCC_WARN_UNUSED_VARIABLE = YES;
				MACOSX_DEPLOYMENT_TARGET = 10.7;
				SDKROOT = macosx;
			};
			name = Release;
		};
		3E1C3E91151C319D005E09E1 /* Debug */ = {
			isa = XCBuildConfiguration;
			buildSettings = {
				DYLIB_COMPATIBILITY_VERSION = 1;
				DYLIB_CURRENT_VERSION = 1;
				FRAMEWORK_SEARCH_PATHS = (
					"$(inherited)",
					"\"$(SRCROOT)\"",
				);
				FRAMEWORK_VERSION = A;
				GCC_PRECOMPILE_PREFIX_HEADER = YES;
				GCC_PREFIX_HEADER = "Gedcom/Gedcom-Prefix.pch";
				INFOPLIST_FILE = "Gedcom/Gedcom-Info.plist";
				PRODUCT_NAME = "$(TARGET_NAME)";
				WRAPPER_EXTENSION = framework;
			};
			name = Debug;
		};
		3E1C3E92151C319D005E09E1 /* Release */ = {
			isa = XCBuildConfiguration;
			buildSettings = {
				DYLIB_COMPATIBILITY_VERSION = 1;
				DYLIB_CURRENT_VERSION = 1;
				FRAMEWORK_SEARCH_PATHS = (
					"$(inherited)",
					"\"$(SRCROOT)\"",
				);
				FRAMEWORK_VERSION = A;
				GCC_PRECOMPILE_PREFIX_HEADER = YES;
				GCC_PREFIX_HEADER = "Gedcom/Gedcom-Prefix.pch";
				INFOPLIST_FILE = "Gedcom/Gedcom-Info.plist";
				PRODUCT_NAME = "$(TARGET_NAME)";
				WRAPPER_EXTENSION = framework;
			};
			name = Release;
		};
		3E1C3E94151C319D005E09E1 /* Debug */ = {
			isa = XCBuildConfiguration;
			buildSettings = {
				FRAMEWORK_SEARCH_PATHS = "$(DEVELOPER_LIBRARY_DIR)/Frameworks";
				GCC_PRECOMPILE_PREFIX_HEADER = YES;
				GCC_PREFIX_HEADER = "Gedcom/Gedcom-Prefix.pch";
				INFOPLIST_FILE = "GedcomTests/GedcomTests-Info.plist";
				PRODUCT_NAME = "$(TARGET_NAME)";
				WRAPPER_EXTENSION = octest;
			};
			name = Debug;
		};
		3E1C3E95151C319D005E09E1 /* Release */ = {
			isa = XCBuildConfiguration;
			buildSettings = {
				FRAMEWORK_SEARCH_PATHS = "$(DEVELOPER_LIBRARY_DIR)/Frameworks";
				GCC_PRECOMPILE_PREFIX_HEADER = YES;
				GCC_PREFIX_HEADER = "Gedcom/Gedcom-Prefix.pch";
				INFOPLIST_FILE = "GedcomTests/GedcomTests-Info.plist";
				PRODUCT_NAME = "$(TARGET_NAME)";
				WRAPPER_EXTENSION = octest;
			};
			name = Release;
		};
/* End XCBuildConfiguration section */

/* Begin XCConfigurationList section */
		3E1C3E5F151C319C005E09E1 /* Build configuration list for PBXProject "Gedcom" */ = {
			isa = XCConfigurationList;
			buildConfigurations = (
				3E1C3E8E151C319D005E09E1 /* Debug */,
				3E1C3E8F151C319D005E09E1 /* Release */,
			);
			defaultConfigurationIsVisible = 0;
			defaultConfigurationName = Release;
		};
		3E1C3E90151C319D005E09E1 /* Build configuration list for PBXNativeTarget "Gedcom" */ = {
			isa = XCConfigurationList;
			buildConfigurations = (
				3E1C3E91151C319D005E09E1 /* Debug */,
				3E1C3E92151C319D005E09E1 /* Release */,
			);
			defaultConfigurationIsVisible = 0;
			defaultConfigurationName = Release;
		};
		3E1C3E93151C319D005E09E1 /* Build configuration list for PBXNativeTarget "GedcomTests" */ = {
			isa = XCConfigurationList;
			buildConfigurations = (
				3E1C3E94151C319D005E09E1 /* Debug */,
				3E1C3E95151C319D005E09E1 /* Release */,
			);
			defaultConfigurationIsVisible = 0;
			defaultConfigurationName = Release;
		};
/* End XCConfigurationList section */
	};
	rootObject = 3E1C3E5C151C319C005E09E1 /* Project object */;
}
