// !$*UTF8*$!
{
	archiveVersion = 1;
	classes = {
	};
	objectVersion = 46;
	objects = {

/* Begin PBXAggregateTarget section */
		3E29DB2F154AE1F100756CF4 /* Documentation */ = {
			isa = PBXAggregateTarget;
			buildConfigurationList = 3E29DB30154AE1F100756CF4 /* Build configuration list for PBXAggregateTarget "Documentation" */;
			buildPhases = (
				3E29DB33154AE1F700756CF4 /* ShellScript */,
			);
			dependencies = (
				3E75835E15F7F77200A9B096 /* PBXTargetDependency */,
			);
			name = Documentation;
			productName = Documentation;
		};
		3E75837315F8EA7D00A9B096 /* Build Parsers */ = {
			isa = PBXAggregateTarget;
			buildConfigurationList = 3E75837415F8EA7D00A9B096 /* Build configuration list for PBXAggregateTarget "Build Parsers" */;
			buildPhases = (
			);
			dependencies = (
				3E75837815F8EA8200A9B096 /* PBXTargetDependency */,
				3E02E7AD1606C150008728D9 /* PBXTargetDependency */,
			);
			name = "Build Parsers";
			productName = "Build Parsers";
		};
/* End PBXAggregateTarget section */

/* Begin PBXBuildFile section */
		3E02E7B81607D968008728D9 /* GCCustomEntity.h in Headers */ = {isa = PBXBuildFile; fileRef = 3E02E7B61607D968008728D9 /* GCCustomEntity.h */; };
		3E02E7B91607D968008728D9 /* GCCustomEntity.m in Sources */ = {isa = PBXBuildFile; fileRef = 3E02E7B71607D968008728D9 /* GCCustomEntity.m */; };
		3E09D19115F9815E00BAA69E /* GCObject_internal.h in Headers */ = {isa = PBXBuildFile; fileRef = 3E09D18C15F9427C00BAA69E /* GCObject_internal.h */; settings = {ATTRIBUTES = (Private, ); }; };
		3E09D19215F9816600BAA69E /* GCAge_internal.h in Headers */ = {isa = PBXBuildFile; fileRef = 3E75836515F8DDF800A9B096 /* GCAge_internal.h */; settings = {ATTRIBUTES = (Private, ); }; };
		3E09D19315F9816900BAA69E /* GCDate_internal.h in Headers */ = {isa = PBXBuildFile; fileRef = 3E75836615F8DF3E00A9B096 /* GCDate_internal.h */; settings = {ATTRIBUTES = (Private, ); }; };
		3E14EDCA15230DAF00080364 /* GCContext.h in Headers */ = {isa = PBXBuildFile; fileRef = 3E14EDC815230DAE00080364 /* GCContext.h */; settings = {ATTRIBUTES = (Public, ); }; };
		3E14EDCB15230DAF00080364 /* GCContext.m in Sources */ = {isa = PBXBuildFile; fileRef = 3E14EDC915230DAE00080364 /* GCContext.m */; };
		3E17B4B216014180009D2CCB /* GCDelegateTests.m in Sources */ = {isa = PBXBuildFile; fileRef = 3E17B4B016013CCD009D2CCB /* GCDelegateTests.m */; };
		3E17B4B61603F254009D2CCB /* GCHelperTests.m in Sources */ = {isa = PBXBuildFile; fileRef = 3E17B4B51603F254009D2CCB /* GCHelperTests.m */; };
		3E1C3E6A151C319C005E09E1 /* Cocoa.framework in Frameworks */ = {isa = PBXBuildFile; fileRef = 3E1C3E69151C319C005E09E1 /* Cocoa.framework */; };
		3E1C3E74151C319C005E09E1 /* InfoPlist.strings in Resources */ = {isa = PBXBuildFile; fileRef = 3E1C3E72151C319C005E09E1 /* InfoPlist.strings */; };
		3E1C3E80151C319D005E09E1 /* SenTestingKit.framework in Frameworks */ = {isa = PBXBuildFile; fileRef = 3E1C3E7F151C319D005E09E1 /* SenTestingKit.framework */; };
		3E1C3E81151C319D005E09E1 /* Cocoa.framework in Frameworks */ = {isa = PBXBuildFile; fileRef = 3E1C3E69151C319C005E09E1 /* Cocoa.framework */; };
		3E1C3E84151C319D005E09E1 /* Gedcom.framework in Frameworks */ = {isa = PBXBuildFile; fileRef = 3E1C3E66151C319C005E09E1 /* Gedcom.framework */; };
		3E1C3E8A151C319D005E09E1 /* InfoPlist.strings in Resources */ = {isa = PBXBuildFile; fileRef = 3E1C3E88151C319D005E09E1 /* InfoPlist.strings */; };
		3E21E9B5160E88EB001EE004 /* GCChangeInfoAttribute.h in Headers */ = {isa = PBXBuildFile; fileRef = 3E21E9B3160E88EB001EE004 /* GCChangeInfoAttribute.h */; };
		3E21E9B6160E88EB001EE004 /* GCChangeInfoAttribute.m in Sources */ = {isa = PBXBuildFile; fileRef = 3E21E9B4160E88EB001EE004 /* GCChangeInfoAttribute.m */; };
		3E21E9BB160F5A05001EE004 /* ValidationHelpers.h in Headers */ = {isa = PBXBuildFile; fileRef = 3E21E9BA160F5A05001EE004 /* ValidationHelpers.h */; };
		3E29DB1A154A1D9600756CF4 /* GCDateAgeMathTests.m in Sources */ = {isa = PBXBuildFile; fileRef = 3E29DB18154A1C3800756CF4 /* GCDateAgeMathTests.m */; };
		3E29DB1D154A405100756CF4 /* GCMutableNode.h in Headers */ = {isa = PBXBuildFile; fileRef = 3E29DB1B154A405100756CF4 /* GCMutableNode.h */; settings = {ATTRIBUTES = (Public, ); }; };
		3E29DB1E154A405100756CF4 /* GCMutableNode.m in Sources */ = {isa = PBXBuildFile; fileRef = 3E29DB1C154A405100756CF4 /* GCMutableNode.m */; };
		3E29DB36154E622700756CF4 /* GCGender.h in Headers */ = {isa = PBXBuildFile; fileRef = 3E29DB34154E622500756CF4 /* GCGender.h */; settings = {ATTRIBUTES = (Public, ); }; };
		3E29DB37154E622700756CF4 /* GCGender.m in Sources */ = {isa = PBXBuildFile; fileRef = 3E29DB35154E622600756CF4 /* GCGender.m */; };
		3E39506A1560DFFC00FEEA9F /* GCNamestring.h in Headers */ = {isa = PBXBuildFile; fileRef = 3E3950681560DFFC00FEEA9F /* GCNamestring.h */; settings = {ATTRIBUTES = (Public, ); }; };
		3E39506B1560DFFC00FEEA9F /* GCNamestring.m in Sources */ = {isa = PBXBuildFile; fileRef = 3E3950691560DFFC00FEEA9F /* GCNamestring.m */; };
		3E3969FF154F34E600AE8636 /* GCFormatterTests.m in Sources */ = {isa = PBXBuildFile; fileRef = 3E3969FE154F34E600AE8636 /* GCFormatterTests.m */; };
		3E396A03154F375400AE8636 /* GCValueFormatter.h in Headers */ = {isa = PBXBuildFile; fileRef = 3E396A01154F375400AE8636 /* GCValueFormatter.h */; settings = {ATTRIBUTES = (Public, ); }; };
		3E396A04154F375400AE8636 /* GCValueFormatter.m in Sources */ = {isa = PBXBuildFile; fileRef = 3E396A02154F375400AE8636 /* GCValueFormatter.m */; };
		3E396A07155B43B600AE8636 /* GCFileTests.m in Sources */ = {isa = PBXBuildFile; fileRef = 3E396A06155B43B600AE8636 /* GCFileTests.m */; };
		3E3995AA155DE4B500228946 /* Cocoa.framework in Frameworks */ = {isa = PBXBuildFile; fileRef = 3E1C3E69151C319C005E09E1 /* Cocoa.framework */; };
		3E3995B0155DE4B500228946 /* InfoPlist.strings in Resources */ = {isa = PBXBuildFile; fileRef = 3E3995AE155DE4B500228946 /* InfoPlist.strings */; };
		3E3995B2155DE4B500228946 /* main.m in Sources */ = {isa = PBXBuildFile; fileRef = 3E3995B1155DE4B500228946 /* main.m */; };
		3E3995B6155DE4B500228946 /* Credits.rtf in Resources */ = {isa = PBXBuildFile; fileRef = 3E3995B4155DE4B500228946 /* Credits.rtf */; };
		3E3995B9155DE4B500228946 /* Document.m in Sources */ = {isa = PBXBuildFile; fileRef = 3E3995B8155DE4B500228946 /* Document.m */; };
		3E3995BC155DE4B500228946 /* Document.xib in Resources */ = {isa = PBXBuildFile; fileRef = 3E3995BA155DE4B500228946 /* Document.xib */; };
		3E3995BF155DE4B500228946 /* MainMenu.xib in Resources */ = {isa = PBXBuildFile; fileRef = 3E3995BD155DE4B500228946 /* MainMenu.xib */; };
		3E3995DA155DE57000228946 /* Gedcom.framework in Frameworks */ = {isa = PBXBuildFile; fileRef = 3E1C3E66151C319C005E09E1 /* Gedcom.framework */; };
		3E3995DF155DE69200228946 /* Gedcom.framework in CopyFiles */ = {isa = PBXBuildFile; fileRef = 3E1C3E66151C319C005E09E1 /* Gedcom.framework */; };
		3E4373551521CB7200BA362F /* GCAttribute.h in Headers */ = {isa = PBXBuildFile; fileRef = 3E4373531521CB7200BA362F /* GCAttribute.h */; settings = {ATTRIBUTES = (Public, ); }; };
		3E4373561521CB7200BA362F /* GCAttribute.m in Sources */ = {isa = PBXBuildFile; fileRef = 3E4373541521CB7200BA362F /* GCAttribute.m */; };
		3E57557B15202A9600A918D1 /* GCValue.h in Headers */ = {isa = PBXBuildFile; fileRef = 3E57557915202A9600A918D1 /* GCValue.h */; settings = {ATTRIBUTES = (Public, ); }; };
		3E57557C15202A9600A918D1 /* GCValue.m in Sources */ = {isa = PBXBuildFile; fileRef = 3E57557A15202A9600A918D1 /* GCValue.m */; };
		3E575580152057B200A918D1 /* DateHelpers.h in Headers */ = {isa = PBXBuildFile; fileRef = 3E57557E152057B200A918D1 /* DateHelpers.h */; settings = {ATTRIBUTES = (Public, ); }; };
		3E57558815217C0E00A918D1 /* GCObject.h in Headers */ = {isa = PBXBuildFile; fileRef = 3E57558615217C0D00A918D1 /* GCObject.h */; settings = {ATTRIBUTES = (Public, ); }; };
		3E57558915217C0E00A918D1 /* GCObject.m in Sources */ = {isa = PBXBuildFile; fileRef = 3E57558715217C0D00A918D1 /* GCObject.m */; };
		3E57558D15217C2F00A918D1 /* GCProperty.h in Headers */ = {isa = PBXBuildFile; fileRef = 3E57558B15217C2F00A918D1 /* GCProperty.h */; settings = {ATTRIBUTES = (Public, ); }; };
		3E57558E15217C2F00A918D1 /* GCProperty.m in Sources */ = {isa = PBXBuildFile; fileRef = 3E57558C15217C2F00A918D1 /* GCProperty.m */; };
		3E57559115217C3B00A918D1 /* GCRelationship.h in Headers */ = {isa = PBXBuildFile; fileRef = 3E57558F15217C3B00A918D1 /* GCRelationship.h */; settings = {ATTRIBUTES = (Public, ); }; };
		3E57559215217C3B00A918D1 /* GCRelationship.m in Sources */ = {isa = PBXBuildFile; fileRef = 3E57559015217C3B00A918D1 /* GCRelationship.m */; };
		3E5A68631610A6E8005B2319 /* GCList.h in Headers */ = {isa = PBXBuildFile; fileRef = 3E5A68611610A6E7005B2319 /* GCList.h */; };
		3E5A68641610A6E8005B2319 /* GCList.m in Sources */ = {isa = PBXBuildFile; fileRef = 3E5A68621610A6E8005B2319 /* GCList.m */; };
		3E5A686C1610F57A005B2319 /* TGC55.ged in Resources */ = {isa = PBXBuildFile; fileRef = 3E5A686B1610F57A005B2319 /* TGC55.ged */; };
		3E5F5098151DCC7B00A433A6 /* README.md in Resources */ = {isa = PBXBuildFile; fileRef = 3E5F5097151DCC7B00A433A6 /* README.md */; };
		3E5F50C2151DF2E800A433A6 /* Gedcom.h in Headers */ = {isa = PBXBuildFile; fileRef = 3E5F50C0151DF2E800A433A6 /* Gedcom.h */; settings = {ATTRIBUTES = (Public, ); }; };
		3E5F50C6151DFB0000A433A6 /* GCTagTests.m in Sources */ = {isa = PBXBuildFile; fileRef = 3E5F50C5151DFB0000A433A6 /* GCTagTests.m */; };
		3E5F50C9151E02C300A433A6 /* GCEntity.h in Headers */ = {isa = PBXBuildFile; fileRef = 3E5F50C7151E02C300A433A6 /* GCEntity.h */; settings = {ATTRIBUTES = (Public, ); }; };
		3E5F50CA151E02C300A433A6 /* GCEntity.m in Sources */ = {isa = PBXBuildFile; fileRef = 3E5F50C8151E02C300A433A6 /* GCEntity.m */; };
		3E5F50CD151E27BA00A433A6 /* GCObjectTests.m in Sources */ = {isa = PBXBuildFile; fileRef = 3E5F50CC151E27BA00A433A6 /* GCObjectTests.m */; };
		3E75836415F8DD7F00A9B096 /* GCAgeParser.m in Sources */ = {isa = PBXBuildFile; fileRef = 3E75836215F8DD7F00A9B096 /* GCAgeParser.m */; };
		3E75836A15F8DF4800A9B096 /* GCDateParser.m in Sources */ = {isa = PBXBuildFile; fileRef = 3E75836815F8DF4800A9B096 /* GCDateParser.m */; };
		3E75A92F1547A55A00F85777 /* GCKeyValueTests.m in Sources */ = {isa = PBXBuildFile; fileRef = 3E75A92E1547A55A00F85777 /* GCKeyValueTests.m */; };
		3E81B7651607DA630028F3C1 /* GCCustomAttribute.h in Headers */ = {isa = PBXBuildFile; fileRef = 3E81B7631607DA630028F3C1 /* GCCustomAttribute.h */; };
		3E81B7661607DA630028F3C1 /* GCCustomAttribute.m in Sources */ = {isa = PBXBuildFile; fileRef = 3E81B7641607DA630028F3C1 /* GCCustomAttribute.m */; };
		3E81B7691607DA9D0028F3C1 /* GCCustomRelationship.h in Headers */ = {isa = PBXBuildFile; fileRef = 3E81B7671607DA9D0028F3C1 /* GCCustomRelationship.h */; };
		3E81B76A1607DA9D0028F3C1 /* GCCustomRelationship.m in Sources */ = {isa = PBXBuildFile; fileRef = 3E81B7681607DA9D0028F3C1 /* GCCustomRelationship.m */; };
		3E8C1D72161BDA52005B3BE6 /* GCGUIAdditions.m in Sources */ = {isa = PBXBuildFile; fileRef = 3E8C1D71161BDA52005B3BE6 /* GCGUIAdditions.m */; };
		3E8C1D75161BDA83005B3BE6 /* NSData+Base64.h in Headers */ = {isa = PBXBuildFile; fileRef = 3E8C1D73161BDA83005B3BE6 /* NSData+Base64.h */; };
		3E8C1D76161BDA83005B3BE6 /* NSData+Base64.m in Sources */ = {isa = PBXBuildFile; fileRef = 3E8C1D74161BDA83005B3BE6 /* NSData+Base64.m */; };
		3E8C1D7A161CD267005B3BE6 /* GCBinaryObjectAttribute+GCObjectAdditions.h in Headers */ = {isa = PBXBuildFile; fileRef = 3E8C1D78161CD267005B3BE6 /* GCBinaryObjectAttribute+GCObjectAdditions.h */; };
		3E8C1D7B161CD267005B3BE6 /* GCBinaryObjectAttribute+GCObjectAdditions.m in Sources */ = {isa = PBXBuildFile; fileRef = 3E8C1D79161CD267005B3BE6 /* GCBinaryObjectAttribute+GCObjectAdditions.m */; };
		3E8C1E0716255344005B3BE6 /* Cocoa.framework in Frameworks */ = {isa = PBXBuildFile; fileRef = 3E1C3E69151C319C005E09E1 /* Cocoa.framework */; };
		3E8C1E0D1625534A005B3BE6 /* InfoPlist.strings in Resources */ = {isa = PBXBuildFile; fileRef = 3E8C1E0B1625534A005B3BE6 /* InfoPlist.strings */; };
		3E8C1E0F1625534A005B3BE6 /* main.m in Sources */ = {isa = PBXBuildFile; fileRef = 3E8C1E0E1625534A005B3BE6 /* main.m */; };
		3E8C1E131625534A005B3BE6 /* Credits.rtf in Resources */ = {isa = PBXBuildFile; fileRef = 3E8C1E111625534A005B3BE6 /* Credits.rtf */; };
		3E8C1E161625534A005B3BE6 /* GCAppDelegate.m in Sources */ = {isa = PBXBuildFile; fileRef = 3E8C1E151625534A005B3BE6 /* GCAppDelegate.m */; };
		3E8C1E191625534C005B3BE6 /* MainMenu.xib in Resources */ = {isa = PBXBuildFile; fileRef = 3E8C1E171625534C005B3BE6 /* MainMenu.xib */; };
		3E8C1E3316255392005B3BE6 /* Gedcom.framework in Frameworks */ = {isa = PBXBuildFile; fileRef = 3E1C3E66151C319C005E09E1 /* Gedcom.framework */; };
		3E8C1E99162648DF005B3BE6 /* GCIndividualEntity+GCObjectAdditions.h in Headers */ = {isa = PBXBuildFile; fileRef = 3E8C1E97162648DE005B3BE6 /* GCIndividualEntity+GCObjectAdditions.h */; };
		3E8C1E9A162648DF005B3BE6 /* GCIndividualEntity+GCObjectAdditions.m in Sources */ = {isa = PBXBuildFile; fileRef = 3E8C1E98162648DF005B3BE6 /* GCIndividualEntity+GCObjectAdditions.m */; };
		3E8C1E9D1626BBA5005B3BE6 /* GCSanityCheckTests.m in Sources */ = {isa = PBXBuildFile; fileRef = 3E8C1E9C1626BBA5005B3BE6 /* GCSanityCheckTests.m */; };
		3E8C1E9F1626BEC7005B3BE6 /* GCObject+GCSanityCheckAdditions.h in Headers */ = {isa = PBXBuildFile; fileRef = 3E8C1E9416264861005B3BE6 /* GCObject+GCSanityCheckAdditions.h */; settings = {ATTRIBUTES = (Public, ); }; };
		3E8C1EA01626BECE005B3BE6 /* GCObject+GCSanityCheckAdditions.m in Sources */ = {isa = PBXBuildFile; fileRef = 3E8C1E9516264861005B3BE6 /* GCObject+GCSanityCheckAdditions.m */; };
		3E8C1EA11626BED7005B3BE6 /* sanity.json in Resources */ = {isa = PBXBuildFile; fileRef = 3E8C1E9216264837005B3BE6 /* sanity.json */; };
		3EB5ABD6153619280036B4D5 /* tags.json in Resources */ = {isa = PBXBuildFile; fileRef = 3EB5ABD5153619280036B4D5 /* tags.json */; };
		3ED171231614B4FC00B5B83F /* Predicates.strings in Resources */ = {isa = PBXBuildFile; fileRef = 3ED171221614B4FC00B5B83F /* Predicates.strings */; };
		3ED1712A1614C16200B5B83F /* GCPredicateTests.m in Sources */ = {isa = PBXBuildFile; fileRef = 3ED171291614C16200B5B83F /* GCPredicateTests.m */; };
		3ED1712D16155AE200B5B83F /* GCObject+GCObjectKeyValueAdditions.h in Headers */ = {isa = PBXBuildFile; fileRef = 3ED1712B16155AE100B5B83F /* GCObject+GCObjectKeyValueAdditions.h */; };
		3ED1712E16155AE200B5B83F /* GCObject+GCObjectKeyValueAdditions.m in Sources */ = {isa = PBXBuildFile; fileRef = 3ED1712C16155AE200B5B83F /* GCObject+GCObjectKeyValueAdditions.m */; };
		3ED92D3F1563C70500E53E47 /* GCXrefProtocol.h in Headers */ = {isa = PBXBuildFile; fileRef = 3ED92D3D1563C70500E53E47 /* GCXrefProtocol.h */; settings = {ATTRIBUTES = (Public, ); }; };
		3ED92D401563C70500E53E47 /* GCXrefProtocol.m in Sources */ = {isa = PBXBuildFile; fileRef = 3ED92D3E1563C70500E53E47 /* GCXrefProtocol.m */; };
		3ED92D441563D78C00E53E47 /* GCContextDelegate.h in Headers */ = {isa = PBXBuildFile; fileRef = 3ED92D421563D78C00E53E47 /* GCContextDelegate.h */; settings = {ATTRIBUTES = (Public, ); }; };
		3EDBBE6215F7EE15008C1E50 /* GCObjects_generated.h in Headers */ = {isa = PBXBuildFile; fileRef = 3EDBBE5F15F7EE15008C1E50 /* GCObjects_generated.h */; settings = {ATTRIBUTES = (Public, ); }; };
		3EDBBE6315F7EE15008C1E50 /* GCObjects_generated.m in Sources */ = {isa = PBXBuildFile; fileRef = 3EDBBE6015F7EE15008C1E50 /* GCObjects_generated.m */; };
		3EDD4114156D022200002352 /* Values.strings in Resources */ = {isa = PBXBuildFile; fileRef = 3EDD4112156D022200002352 /* Values.strings */; };
		3EDD4118156D8EE200002352 /* GCPlacestring.h in Headers */ = {isa = PBXBuildFile; fileRef = 3EDD4116156D8EE200002352 /* GCPlacestring.h */; settings = {ATTRIBUTES = (Public, ); }; };
		3EDD4119156D8EE200002352 /* GCPlacestring.m in Sources */ = {isa = PBXBuildFile; fileRef = 3EDD4117156D8EE200002352 /* GCPlacestring.m */; };
		3EDD411D156E335000002352 /* GCPlacestringTests.m in Sources */ = {isa = PBXBuildFile; fileRef = 3EDD411C156E335000002352 /* GCPlacestringTests.m */; };
		3EDD411F156F047A00002352 /* Tags.strings in Resources */ = {isa = PBXBuildFile; fileRef = 3EDD411E156F047A00002352 /* Tags.strings */; };
		3EDDB428154EC63C0068E85F /* GCString.h in Headers */ = {isa = PBXBuildFile; fileRef = 3EDDB426154EC63C0068E85F /* GCString.h */; settings = {ATTRIBUTES = (Public, ); }; };
		3EDDB429154EC63C0068E85F /* GCString.m in Sources */ = {isa = PBXBuildFile; fileRef = 3EDDB427154EC63C0068E85F /* GCString.m */; };
		3EDDB42D154EC6470068E85F /* GCBool.h in Headers */ = {isa = PBXBuildFile; fileRef = 3EDDB42B154EC6470068E85F /* GCBool.h */; settings = {ATTRIBUTES = (Public, ); }; };
		3EDDB42E154EC6470068E85F /* GCBool.m in Sources */ = {isa = PBXBuildFile; fileRef = 3EDDB42C154EC6470068E85F /* GCBool.m */; };
		3EDDB431154EC6550068E85F /* GCNumber.h in Headers */ = {isa = PBXBuildFile; fileRef = 3EDDB42F154EC6550068E85F /* GCNumber.h */; settings = {ATTRIBUTES = (Public, ); }; };
		3EDDB432154EC6550068E85F /* GCNumber.m in Sources */ = {isa = PBXBuildFile; fileRef = 3EDDB430154EC6550068E85F /* GCNumber.m */; };
		3EECFD66151C32630074E26C /* GCAge.h in Headers */ = {isa = PBXBuildFile; fileRef = 3EECFD3A151C32630074E26C /* GCAge.h */; settings = {ATTRIBUTES = (Public, ); }; };
		3EECFD67151C32630074E26C /* GCAge.m in Sources */ = {isa = PBXBuildFile; fileRef = 3EECFD3B151C32630074E26C /* GCAge.m */; };
		3EECFD74151C32630074E26C /* GCDate.h in Headers */ = {isa = PBXBuildFile; fileRef = 3EECFD48151C32630074E26C /* GCDate.h */; settings = {ATTRIBUTES = (Public, ); }; };
		3EECFD75151C32630074E26C /* GCDate.m in Sources */ = {isa = PBXBuildFile; fileRef = 3EECFD49151C32630074E26C /* GCDate.m */; };
		3EECFD8A151C32630074E26C /* GCNode.h in Headers */ = {isa = PBXBuildFile; fileRef = 3EECFD5E151C32630074E26C /* GCNode.h */; settings = {ATTRIBUTES = (Public, ); }; };
		3EECFD8B151C32630074E26C /* GCNode.m in Sources */ = {isa = PBXBuildFile; fileRef = 3EECFD5F151C32630074E26C /* GCNode.m */; };
		3EF7A1C8151C3873004A8540 /* GCAgeTests.m in Sources */ = {isa = PBXBuildFile; fileRef = 3EF7A1C6151C3873004A8540 /* GCAgeTests.m */; };
		3EF7A1C9151C3873004A8540 /* GCDateTests.m in Sources */ = {isa = PBXBuildFile; fileRef = 3EF7A1C7151C3873004A8540 /* GCDateTests.m */; };
		3EF7A1CC151C57A4004A8540 /* GCTag.h in Headers */ = {isa = PBXBuildFile; fileRef = 3EF7A1CA151C57A2004A8540 /* GCTag.h */; settings = {ATTRIBUTES = (Public, ); }; };
		3EF7A1CD151C57A4004A8540 /* GCTag.m in Sources */ = {isa = PBXBuildFile; fileRef = 3EF7A1CB151C57A3004A8540 /* GCTag.m */; };
		3EF7A1CF151C5F8E004A8540 /* GCNodeTests.m in Sources */ = {isa = PBXBuildFile; fileRef = 3EF7A1CE151C5F8E004A8540 /* GCNodeTests.m */; };
		3EF7A1D6151C600C004A8540 /* allged.ged in Resources */ = {isa = PBXBuildFile; fileRef = 3EF7A1D4151C600C004A8540 /* allged.ged */; };
		3EF7A1D7151C600C004A8540 /* simple.ged in Resources */ = {isa = PBXBuildFile; fileRef = 3EF7A1D5151C600C004A8540 /* simple.ged */; };
/* End PBXBuildFile section */

/* Begin PBXContainerItemProxy section */
		3E02E7AC1606C150008728D9 /* PBXContainerItemProxy */ = {
			isa = PBXContainerItemProxy;
			containerPortal = 3E1C3E5C151C319C005E09E1 /* Project object */;
			proxyType = 1;
			remoteGlobalIDString = 3E02E7A71606C12B008728D9;
			remoteInfo = "Build Date Parser";
		};
		3E09D18E15F9803A00BAA69E /* PBXContainerItemProxy */ = {
			isa = PBXContainerItemProxy;
			containerPortal = 3E1C3E5C151C319C005E09E1 /* Project object */;
			proxyType = 1;
			remoteGlobalIDString = 3E75837315F8EA7D00A9B096;
			remoteInfo = "Build Parsers";
		};
		3E1C3E82151C319D005E09E1 /* PBXContainerItemProxy */ = {
			isa = PBXContainerItemProxy;
			containerPortal = 3E1C3E5C151C319C005E09E1 /* Project object */;
			proxyType = 1;
			remoteGlobalIDString = 3E1C3E65151C319C005E09E1;
			remoteInfo = Gedcom;
		};
		3E3995DC155DE57F00228946 /* PBXContainerItemProxy */ = {
			isa = PBXContainerItemProxy;
			containerPortal = 3E1C3E5C151C319C005E09E1 /* Project object */;
			proxyType = 1;
			remoteGlobalIDString = 3E1C3E65151C319C005E09E1;
			remoteInfo = Gedcom;
		};
		3E39987B162858F70069041F /* PBXContainerItemProxy */ = {
			isa = PBXContainerItemProxy;
			containerPortal = 3E1C3E5C151C319C005E09E1 /* Project object */;
			proxyType = 1;
			remoteGlobalIDString = 3E1C3E65151C319C005E09E1;
			remoteInfo = Gedcom;
		};
		3E75835715F7F09F00A9B096 /* PBXContainerItemProxy */ = {
			isa = PBXContainerItemProxy;
			containerPortal = 3E1C3E5C151C319C005E09E1 /* Project object */;
			proxyType = 1;
			remoteGlobalIDString = 3E75835315F7EEE500A9B096;
			remoteInfo = "Generate GCObject Subclasses";
		};
		3E75835D15F7F77200A9B096 /* PBXContainerItemProxy */ = {
			isa = PBXContainerItemProxy;
			containerPortal = 3E1C3E5C151C319C005E09E1 /* Project object */;
			proxyType = 1;
			remoteGlobalIDString = 3E75835315F7EEE500A9B096;
			remoteInfo = "Generate GCObject Subclasses";
		};
		3E75837715F8EA8200A9B096 /* PBXContainerItemProxy */ = {
			isa = PBXContainerItemProxy;
			containerPortal = 3E1C3E5C151C319C005E09E1 /* Project object */;
			proxyType = 1;
			remoteGlobalIDString = 3E75836F15F8EA7200A9B096;
			remoteInfo = "Build Age Parser";
		};
/* End PBXContainerItemProxy section */

/* Begin PBXCopyFilesBuildPhase section */
		3E3995DE155DE68400228946 /* CopyFiles */ = {
			isa = PBXCopyFilesBuildPhase;
			buildActionMask = 2147483647;
			dstPath = "";
			dstSubfolderSpec = 10;
			files = (
				3E3995DF155DE69200228946 /* Gedcom.framework in CopyFiles */,
			);
			runOnlyForDeploymentPostprocessing = 0;
		};
/* End PBXCopyFilesBuildPhase section */

/* Begin PBXFileReference section */
		3E02E7B61607D968008728D9 /* GCCustomEntity.h */ = {isa = PBXFileReference; fileEncoding = 4; lastKnownFileType = sourcecode.c.h; path = GCCustomEntity.h; sourceTree = "<group>"; };
		3E02E7B71607D968008728D9 /* GCCustomEntity.m */ = {isa = PBXFileReference; fileEncoding = 4; lastKnownFileType = sourcecode.c.objc; path = GCCustomEntity.m; sourceTree = "<group>"; };
		3E09D18C15F9427C00BAA69E /* GCObject_internal.h */ = {isa = PBXFileReference; lastKnownFileType = sourcecode.c.h; path = GCObject_internal.h; sourceTree = "<group>"; };
		3E0E6801161112B4000CF845 /* anselmap.py */ = {isa = PBXFileReference; fileEncoding = 4; lastKnownFileType = text.script.python; path = anselmap.py; sourceTree = "<group>"; };
		3E14EDC815230DAE00080364 /* GCContext.h */ = {isa = PBXFileReference; fileEncoding = 4; lastKnownFileType = sourcecode.c.h; path = GCContext.h; sourceTree = "<group>"; };
		3E14EDC915230DAE00080364 /* GCContext.m */ = {isa = PBXFileReference; fileEncoding = 4; lastKnownFileType = sourcecode.c.objc; path = GCContext.m; sourceTree = "<group>"; };
		3E17B4B016013CCD009D2CCB /* GCDelegateTests.m */ = {isa = PBXFileReference; lastKnownFileType = sourcecode.c.objc; path = GCDelegateTests.m; sourceTree = "<group>"; };
		3E17B4B31602CEAF009D2CCB /* GCContext_internal.h */ = {isa = PBXFileReference; lastKnownFileType = sourcecode.c.h; path = GCContext_internal.h; sourceTree = "<group>"; };
		3E17B4B51603F254009D2CCB /* GCHelperTests.m */ = {isa = PBXFileReference; fileEncoding = 4; lastKnownFileType = sourcecode.c.objc; path = GCHelperTests.m; sourceTree = "<group>"; };
		3E17B4BD1606BF55009D2CCB /* GCDateParser.rl */ = {isa = PBXFileReference; fileEncoding = 4; lastKnownFileType = text; path = GCDateParser.rl; sourceTree = "<group>"; };
		3E1C3E66151C319C005E09E1 /* Gedcom.framework */ = {isa = PBXFileReference; explicitFileType = wrapper.framework; includeInIndex = 0; path = Gedcom.framework; sourceTree = BUILT_PRODUCTS_DIR; };
		3E1C3E69151C319C005E09E1 /* Cocoa.framework */ = {isa = PBXFileReference; lastKnownFileType = wrapper.framework; name = Cocoa.framework; path = System/Library/Frameworks/Cocoa.framework; sourceTree = SDKROOT; };
		3E1C3E6C151C319C005E09E1 /* AppKit.framework */ = {isa = PBXFileReference; lastKnownFileType = wrapper.framework; name = AppKit.framework; path = System/Library/Frameworks/AppKit.framework; sourceTree = SDKROOT; };
		3E1C3E6D151C319C005E09E1 /* CoreData.framework */ = {isa = PBXFileReference; lastKnownFileType = wrapper.framework; name = CoreData.framework; path = System/Library/Frameworks/CoreData.framework; sourceTree = SDKROOT; };
		3E1C3E6E151C319C005E09E1 /* Foundation.framework */ = {isa = PBXFileReference; lastKnownFileType = wrapper.framework; name = Foundation.framework; path = System/Library/Frameworks/Foundation.framework; sourceTree = SDKROOT; };
		3E1C3E71151C319C005E09E1 /* Gedcom-Info.plist */ = {isa = PBXFileReference; lastKnownFileType = text.plist.xml; path = "Gedcom-Info.plist"; sourceTree = "<group>"; };
		3E1C3E73151C319C005E09E1 /* en */ = {isa = PBXFileReference; lastKnownFileType = text.plist.strings; name = en; path = en.lproj/InfoPlist.strings; sourceTree = "<group>"; };
		3E1C3E75151C319C005E09E1 /* Gedcom-Prefix.pch */ = {isa = PBXFileReference; lastKnownFileType = sourcecode.c.h; path = "Gedcom-Prefix.pch"; sourceTree = "<group>"; };
		3E1C3E7E151C319D005E09E1 /* GedcomTests.octest */ = {isa = PBXFileReference; explicitFileType = wrapper.cfbundle; includeInIndex = 0; path = GedcomTests.octest; sourceTree = BUILT_PRODUCTS_DIR; };
		3E1C3E7F151C319D005E09E1 /* SenTestingKit.framework */ = {isa = PBXFileReference; lastKnownFileType = wrapper.framework; name = SenTestingKit.framework; path = Library/Frameworks/SenTestingKit.framework; sourceTree = DEVELOPER_DIR; };
		3E1C3E87151C319D005E09E1 /* GedcomTests-Info.plist */ = {isa = PBXFileReference; lastKnownFileType = text.plist.xml; path = "GedcomTests-Info.plist"; sourceTree = "<group>"; };
		3E1C3E89151C319D005E09E1 /* en */ = {isa = PBXFileReference; lastKnownFileType = text.plist.strings; name = en; path = en.lproj/InfoPlist.strings; sourceTree = "<group>"; };
		3E21E9B3160E88EB001EE004 /* GCChangeInfoAttribute.h */ = {isa = PBXFileReference; fileEncoding = 4; lastKnownFileType = sourcecode.c.h; path = GCChangeInfoAttribute.h; sourceTree = "<group>"; };
		3E21E9B4160E88EB001EE004 /* GCChangeInfoAttribute.m */ = {isa = PBXFileReference; fileEncoding = 4; lastKnownFileType = sourcecode.c.objc; path = GCChangeInfoAttribute.m; sourceTree = "<group>"; };
		3E21E9BA160F5A05001EE004 /* ValidationHelpers.h */ = {isa = PBXFileReference; fileEncoding = 4; lastKnownFileType = sourcecode.c.h; path = ValidationHelpers.h; sourceTree = "<group>"; };
		3E29DB18154A1C3800756CF4 /* GCDateAgeMathTests.m */ = {isa = PBXFileReference; fileEncoding = 4; lastKnownFileType = sourcecode.c.objc; path = GCDateAgeMathTests.m; sourceTree = "<group>"; };
		3E29DB1B154A405100756CF4 /* GCMutableNode.h */ = {isa = PBXFileReference; fileEncoding = 4; lastKnownFileType = sourcecode.c.h; path = GCMutableNode.h; sourceTree = "<group>"; };
		3E29DB1C154A405100756CF4 /* GCMutableNode.m */ = {isa = PBXFileReference; fileEncoding = 4; lastKnownFileType = sourcecode.c.objc; path = GCMutableNode.m; sourceTree = "<group>"; };
		3E29DB34154E622500756CF4 /* GCGender.h */ = {isa = PBXFileReference; fileEncoding = 4; lastKnownFileType = sourcecode.c.h; path = GCGender.h; sourceTree = "<group>"; };
		3E29DB35154E622600756CF4 /* GCGender.m */ = {isa = PBXFileReference; explicitFileType = sourcecode.c.objc; fileEncoding = 4; path = GCGender.m; sourceTree = "<group>"; };
		3E3950681560DFFC00FEEA9F /* GCNamestring.h */ = {isa = PBXFileReference; fileEncoding = 4; lastKnownFileType = sourcecode.c.h; path = GCNamestring.h; sourceTree = "<group>"; };
		3E3950691560DFFC00FEEA9F /* GCNamestring.m */ = {isa = PBXFileReference; fileEncoding = 4; lastKnownFileType = sourcecode.c.objc; path = GCNamestring.m; sourceTree = "<group>"; };
		3E3969FE154F34E600AE8636 /* GCFormatterTests.m */ = {isa = PBXFileReference; fileEncoding = 4; lastKnownFileType = sourcecode.c.objc; path = GCFormatterTests.m; sourceTree = "<group>"; };
		3E396A01154F375400AE8636 /* GCValueFormatter.h */ = {isa = PBXFileReference; fileEncoding = 4; lastKnownFileType = sourcecode.c.h; path = GCValueFormatter.h; sourceTree = "<group>"; };
		3E396A02154F375400AE8636 /* GCValueFormatter.m */ = {isa = PBXFileReference; fileEncoding = 4; lastKnownFileType = sourcecode.c.objc; path = GCValueFormatter.m; sourceTree = "<group>"; };
		3E396A06155B43B600AE8636 /* GCFileTests.m */ = {isa = PBXFileReference; fileEncoding = 4; lastKnownFileType = sourcecode.c.objc; path = GCFileTests.m; sourceTree = "<group>"; };
		3E3995A8155DE4B500228946 /* GedcomGUI.app */ = {isa = PBXFileReference; explicitFileType = wrapper.application; includeInIndex = 0; path = GedcomGUI.app; sourceTree = BUILT_PRODUCTS_DIR; };
		3E3995AD155DE4B500228946 /* GedcomGUI-Info.plist */ = {isa = PBXFileReference; lastKnownFileType = text.plist.xml; path = "GedcomGUI-Info.plist"; sourceTree = "<group>"; };
		3E3995AF155DE4B500228946 /* en */ = {isa = PBXFileReference; lastKnownFileType = text.plist.strings; name = en; path = en.lproj/InfoPlist.strings; sourceTree = "<group>"; };
		3E3995B1155DE4B500228946 /* main.m */ = {isa = PBXFileReference; lastKnownFileType = sourcecode.c.objc; path = main.m; sourceTree = "<group>"; };
		3E3995B3155DE4B500228946 /* GedcomGUI-Prefix.pch */ = {isa = PBXFileReference; lastKnownFileType = sourcecode.c.h; path = "GedcomGUI-Prefix.pch"; sourceTree = "<group>"; };
		3E3995B5155DE4B500228946 /* en */ = {isa = PBXFileReference; lastKnownFileType = text.rtf; name = en; path = en.lproj/Credits.rtf; sourceTree = "<group>"; };
		3E3995B7155DE4B500228946 /* Document.h */ = {isa = PBXFileReference; lastKnownFileType = sourcecode.c.h; path = Document.h; sourceTree = "<group>"; };
		3E3995B8155DE4B500228946 /* Document.m */ = {isa = PBXFileReference; lastKnownFileType = sourcecode.c.objc; path = Document.m; sourceTree = "<group>"; };
		3E3995BB155DE4B500228946 /* en */ = {isa = PBXFileReference; lastKnownFileType = file.xib; name = en; path = en.lproj/Document.xib; sourceTree = "<group>"; };
		3E3995BE155DE4B500228946 /* en */ = {isa = PBXFileReference; lastKnownFileType = file.xib; name = en; path = en.lproj/MainMenu.xib; sourceTree = "<group>"; };
		3E4373531521CB7200BA362F /* GCAttribute.h */ = {isa = PBXFileReference; fileEncoding = 4; lastKnownFileType = sourcecode.c.h; lineEnding = 0; path = GCAttribute.h; sourceTree = "<group>"; xcLanguageSpecificationIdentifier = xcode.lang.objcpp; };
		3E4373541521CB7200BA362F /* GCAttribute.m */ = {isa = PBXFileReference; fileEncoding = 4; lastKnownFileType = sourcecode.c.objc; lineEnding = 0; path = GCAttribute.m; sourceTree = "<group>"; xcLanguageSpecificationIdentifier = xcode.lang.objc; };
		3E57557915202A9600A918D1 /* GCValue.h */ = {isa = PBXFileReference; fileEncoding = 4; lastKnownFileType = sourcecode.c.h; path = GCValue.h; sourceTree = "<group>"; };
		3E57557A15202A9600A918D1 /* GCValue.m */ = {isa = PBXFileReference; fileEncoding = 4; lastKnownFileType = sourcecode.c.objc; path = GCValue.m; sourceTree = "<group>"; };
		3E57557E152057B200A918D1 /* DateHelpers.h */ = {isa = PBXFileReference; fileEncoding = 4; lastKnownFileType = sourcecode.c.h; path = DateHelpers.h; sourceTree = "<group>"; };
		3E57558615217C0D00A918D1 /* GCObject.h */ = {isa = PBXFileReference; fileEncoding = 4; lastKnownFileType = sourcecode.c.h; path = GCObject.h; sourceTree = "<group>"; };
		3E57558715217C0D00A918D1 /* GCObject.m */ = {isa = PBXFileReference; fileEncoding = 4; lastKnownFileType = sourcecode.c.objc; path = GCObject.m; sourceTree = "<group>"; };
		3E57558B15217C2F00A918D1 /* GCProperty.h */ = {isa = PBXFileReference; fileEncoding = 4; lastKnownFileType = sourcecode.c.h; path = GCProperty.h; sourceTree = "<group>"; };
		3E57558C15217C2F00A918D1 /* GCProperty.m */ = {isa = PBXFileReference; fileEncoding = 4; lastKnownFileType = sourcecode.c.objc; path = GCProperty.m; sourceTree = "<group>"; };
		3E57558F15217C3B00A918D1 /* GCRelationship.h */ = {isa = PBXFileReference; fileEncoding = 4; lastKnownFileType = sourcecode.c.h; path = GCRelationship.h; sourceTree = "<group>"; };
		3E57559015217C3B00A918D1 /* GCRelationship.m */ = {isa = PBXFileReference; fileEncoding = 4; lastKnownFileType = sourcecode.c.objc; path = GCRelationship.m; sourceTree = "<group>"; };
		3E5A68611610A6E7005B2319 /* GCList.h */ = {isa = PBXFileReference; fileEncoding = 4; lastKnownFileType = sourcecode.c.h; path = GCList.h; sourceTree = "<group>"; };
		3E5A68621610A6E8005B2319 /* GCList.m */ = {isa = PBXFileReference; fileEncoding = 4; lastKnownFileType = sourcecode.c.objc; path = GCList.m; sourceTree = "<group>"; };
		3E5A68661610B51B005B2319 /* GCValue_internal.h */ = {isa = PBXFileReference; lastKnownFileType = sourcecode.c.h; path = GCValue_internal.h; sourceTree = "<group>"; };
		3E5A68671610CA16005B2319 /* GedcomErrors.h */ = {isa = PBXFileReference; lastKnownFileType = sourcecode.c.h; path = GedcomErrors.h; sourceTree = "<group>"; };
		3E5A68681610EB2D005B2319 /* ans2uni.out */ = {isa = PBXFileReference; fileEncoding = 4; lastKnownFileType = text; path = ans2uni.out; sourceTree = "<group>"; };
		3E5A686A1610EFEF005B2319 /* CharacterSetHelpers.h */ = {isa = PBXFileReference; lastKnownFileType = sourcecode.c.h; path = CharacterSetHelpers.h; sourceTree = "<group>"; };
		3E5A686B1610F57A005B2319 /* TGC55.ged */ = {isa = PBXFileReference; fileEncoding = 4; lastKnownFileType = text; path = TGC55.ged; sourceTree = "<group>"; };
		3E5F5097151DCC7B00A433A6 /* README.md */ = {isa = PBXFileReference; fileEncoding = 4; lastKnownFileType = text; path = README.md; sourceTree = "<group>"; };
		3E5F50C0151DF2E800A433A6 /* Gedcom.h */ = {isa = PBXFileReference; fileEncoding = 4; lastKnownFileType = sourcecode.c.h; path = Gedcom.h; sourceTree = "<group>"; };
		3E5F50C5151DFB0000A433A6 /* GCTagTests.m */ = {isa = PBXFileReference; fileEncoding = 4; lastKnownFileType = sourcecode.c.objc; path = GCTagTests.m; sourceTree = "<group>"; };
		3E5F50C7151E02C300A433A6 /* GCEntity.h */ = {isa = PBXFileReference; fileEncoding = 4; lastKnownFileType = sourcecode.c.h; path = GCEntity.h; sourceTree = "<group>"; };
		3E5F50C8151E02C300A433A6 /* GCEntity.m */ = {isa = PBXFileReference; fileEncoding = 4; lastKnownFileType = sourcecode.c.objc; path = GCEntity.m; sourceTree = "<group>"; };
		3E5F50CC151E27BA00A433A6 /* GCObjectTests.m */ = {isa = PBXFileReference; fileEncoding = 4; lastKnownFileType = sourcecode.c.objc; path = GCObjectTests.m; sourceTree = "<group>"; };
		3E75836215F8DD7F00A9B096 /* GCAgeParser.m */ = {isa = PBXFileReference; fileEncoding = 4; lastKnownFileType = sourcecode.c.objc; path = GCAgeParser.m; sourceTree = "<group>"; };
		3E75836515F8DDF800A9B096 /* GCAge_internal.h */ = {isa = PBXFileReference; lastKnownFileType = sourcecode.c.h; path = GCAge_internal.h; sourceTree = "<group>"; };
		3E75836615F8DF3E00A9B096 /* GCDate_internal.h */ = {isa = PBXFileReference; lastKnownFileType = sourcecode.c.h; path = GCDate_internal.h; sourceTree = "<group>"; };
		3E75836815F8DF4800A9B096 /* GCDateParser.m */ = {isa = PBXFileReference; fileEncoding = 4; lastKnownFileType = sourcecode.c.objc; path = GCDateParser.m; sourceTree = "<group>"; };
		3E75837915F8EAB900A9B096 /* GCAgeParser.rl */ = {isa = PBXFileReference; fileEncoding = 4; lastKnownFileType = text; path = GCAgeParser.rl; sourceTree = "<group>"; };
		3E75A92E1547A55A00F85777 /* GCKeyValueTests.m */ = {isa = PBXFileReference; fileEncoding = 4; lastKnownFileType = sourcecode.c.objc; path = GCKeyValueTests.m; sourceTree = "<group>"; };
		3E81B7631607DA630028F3C1 /* GCCustomAttribute.h */ = {isa = PBXFileReference; fileEncoding = 4; lastKnownFileType = sourcecode.c.h; path = GCCustomAttribute.h; sourceTree = "<group>"; };
		3E81B7641607DA630028F3C1 /* GCCustomAttribute.m */ = {isa = PBXFileReference; fileEncoding = 4; lastKnownFileType = sourcecode.c.objc; path = GCCustomAttribute.m; sourceTree = "<group>"; };
		3E81B7671607DA9D0028F3C1 /* GCCustomRelationship.h */ = {isa = PBXFileReference; fileEncoding = 4; lastKnownFileType = sourcecode.c.h; path = GCCustomRelationship.h; sourceTree = "<group>"; };
		3E81B7681607DA9D0028F3C1 /* GCCustomRelationship.m */ = {isa = PBXFileReference; fileEncoding = 4; lastKnownFileType = sourcecode.c.objc; path = GCCustomRelationship.m; sourceTree = "<group>"; };
		3E8C1D70161BDA52005B3BE6 /* GCGUIAdditions.h */ = {isa = PBXFileReference; fileEncoding = 4; lastKnownFileType = sourcecode.c.h; path = GCGUIAdditions.h; sourceTree = "<group>"; };
		3E8C1D71161BDA52005B3BE6 /* GCGUIAdditions.m */ = {isa = PBXFileReference; fileEncoding = 4; lastKnownFileType = sourcecode.c.objc; path = GCGUIAdditions.m; sourceTree = "<group>"; };
		3E8C1D73161BDA83005B3BE6 /* NSData+Base64.h */ = {isa = PBXFileReference; fileEncoding = 4; lastKnownFileType = sourcecode.c.h; path = "NSData+Base64.h"; sourceTree = "<group>"; };
		3E8C1D74161BDA83005B3BE6 /* NSData+Base64.m */ = {isa = PBXFileReference; fileEncoding = 4; lastKnownFileType = sourcecode.c.objc; path = "NSData+Base64.m"; sourceTree = "<group>"; };
		3E8C1D78161CD267005B3BE6 /* GCBinaryObjectAttribute+GCObjectAdditions.h */ = {isa = PBXFileReference; fileEncoding = 4; lastKnownFileType = sourcecode.c.h; path = "GCBinaryObjectAttribute+GCObjectAdditions.h"; sourceTree = "<group>"; };
		3E8C1D79161CD267005B3BE6 /* GCBinaryObjectAttribute+GCObjectAdditions.m */ = {isa = PBXFileReference; fileEncoding = 4; lastKnownFileType = sourcecode.c.objc; path = "GCBinaryObjectAttribute+GCObjectAdditions.m"; sourceTree = "<group>"; };
		3E8C1E0516255344005B3BE6 /* GedcomTools.app */ = {isa = PBXFileReference; explicitFileType = wrapper.application; includeInIndex = 0; path = GedcomTools.app; sourceTree = BUILT_PRODUCTS_DIR; };
		3E8C1E0A1625534A005B3BE6 /* GedcomTools-Info.plist */ = {isa = PBXFileReference; lastKnownFileType = text.plist.xml; path = "GedcomTools-Info.plist"; sourceTree = "<group>"; };
		3E8C1E0C1625534A005B3BE6 /* en */ = {isa = PBXFileReference; lastKnownFileType = text.plist.strings; name = en; path = en.lproj/InfoPlist.strings; sourceTree = "<group>"; };
		3E8C1E0E1625534A005B3BE6 /* main.m */ = {isa = PBXFileReference; lastKnownFileType = sourcecode.c.objc; path = main.m; sourceTree = "<group>"; };
		3E8C1E101625534A005B3BE6 /* GedcomTools-Prefix.pch */ = {isa = PBXFileReference; lastKnownFileType = sourcecode.c.h; path = "GedcomTools-Prefix.pch"; sourceTree = "<group>"; };
		3E8C1E121625534A005B3BE6 /* en */ = {isa = PBXFileReference; lastKnownFileType = text.rtf; name = en; path = en.lproj/Credits.rtf; sourceTree = "<group>"; };
		3E8C1E141625534A005B3BE6 /* GCAppDelegate.h */ = {isa = PBXFileReference; lastKnownFileType = sourcecode.c.h; path = GCAppDelegate.h; sourceTree = "<group>"; };
		3E8C1E151625534A005B3BE6 /* GCAppDelegate.m */ = {isa = PBXFileReference; lastKnownFileType = sourcecode.c.objc; path = GCAppDelegate.m; sourceTree = "<group>"; };
		3E8C1E181625534C005B3BE6 /* en */ = {isa = PBXFileReference; lastKnownFileType = file.xib; name = en; path = en.lproj/MainMenu.xib; sourceTree = "<group>"; };
		3E8C1E9216264837005B3BE6 /* sanity.json */ = {isa = PBXFileReference; fileEncoding = 4; lastKnownFileType = text.json; name = sanity.json; path = Gedcom/sanity.json; sourceTree = SOURCE_ROOT; };
		3E8C1E9416264861005B3BE6 /* GCObject+GCSanityCheckAdditions.h */ = {isa = PBXFileReference; fileEncoding = 4; lastKnownFileType = sourcecode.c.h; name = "GCObject+GCSanityCheckAdditions.h"; path = "Gedcom/GCObject+GCSanityCheckAdditions.h"; sourceTree = SOURCE_ROOT; };
		3E8C1E9516264861005B3BE6 /* GCObject+GCSanityCheckAdditions.m */ = {isa = PBXFileReference; fileEncoding = 4; lastKnownFileType = sourcecode.c.objc; name = "GCObject+GCSanityCheckAdditions.m"; path = "Gedcom/GCObject+GCSanityCheckAdditions.m"; sourceTree = SOURCE_ROOT; };
		3E8C1E97162648DE005B3BE6 /* GCIndividualEntity+GCObjectAdditions.h */ = {isa = PBXFileReference; fileEncoding = 4; lastKnownFileType = sourcecode.c.h; path = "GCIndividualEntity+GCObjectAdditions.h"; sourceTree = "<group>"; };
		3E8C1E98162648DF005B3BE6 /* GCIndividualEntity+GCObjectAdditions.m */ = {isa = PBXFileReference; fileEncoding = 4; lastKnownFileType = sourcecode.c.objc; path = "GCIndividualEntity+GCObjectAdditions.m"; sourceTree = "<group>"; };
		3E8C1E9C1626BBA5005B3BE6 /* GCSanityCheckTests.m */ = {isa = PBXFileReference; fileEncoding = 4; lastKnownFileType = sourcecode.c.objc; path = GCSanityCheckTests.m; sourceTree = "<group>"; };
		3EB5ABD5153619280036B4D5 /* tags.json */ = {isa = PBXFileReference; fileEncoding = 4; lastKnownFileType = text.json; path = tags.json; sourceTree = "<group>"; usesTabs = 0; };
		3ED171221614B4FC00B5B83F /* Predicates.strings */ = {isa = PBXFileReference; fileEncoding = 4; lastKnownFileType = text.plist.strings; name = Predicates.strings; path = GedcomGUI/Predicates.strings; sourceTree = SOURCE_ROOT; };
		3ED171291614C16200B5B83F /* GCPredicateTests.m */ = {isa = PBXFileReference; fileEncoding = 4; lastKnownFileType = sourcecode.c.objc; path = GCPredicateTests.m; sourceTree = "<group>"; };
		3ED1712B16155AE100B5B83F /* GCObject+GCObjectKeyValueAdditions.h */ = {isa = PBXFileReference; fileEncoding = 4; lastKnownFileType = sourcecode.c.h; path = "GCObject+GCObjectKeyValueAdditions.h"; sourceTree = "<group>"; };
		3ED1712C16155AE200B5B83F /* GCObject+GCObjectKeyValueAdditions.m */ = {isa = PBXFileReference; fileEncoding = 4; lastKnownFileType = sourcecode.c.objc; path = "GCObject+GCObjectKeyValueAdditions.m"; sourceTree = "<group>"; };
		3ED92D3D1563C70500E53E47 /* GCXrefProtocol.h */ = {isa = PBXFileReference; fileEncoding = 4; lastKnownFileType = sourcecode.c.h; path = GCXrefProtocol.h; sourceTree = "<group>"; };
		3ED92D3E1563C70500E53E47 /* GCXrefProtocol.m */ = {isa = PBXFileReference; fileEncoding = 4; lastKnownFileType = sourcecode.c.objc; path = GCXrefProtocol.m; sourceTree = "<group>"; };
		3ED92D421563D78C00E53E47 /* GCContextDelegate.h */ = {isa = PBXFileReference; fileEncoding = 4; lastKnownFileType = sourcecode.c.h; path = GCContextDelegate.h; sourceTree = "<group>"; };
		3EDBBE5F15F7EE15008C1E50 /* GCObjects_generated.h */ = {isa = PBXFileReference; fileEncoding = 4; lastKnownFileType = sourcecode.c.h; path = GCObjects_generated.h; sourceTree = "<group>"; };
		3EDBBE6015F7EE15008C1E50 /* GCObjects_generated.m */ = {isa = PBXFileReference; fileEncoding = 4; lastKnownFileType = sourcecode.c.objc; path = GCObjects_generated.m; sourceTree = "<group>"; };
		3EDBBE6115F7EE15008C1E50 /* tags.py */ = {isa = PBXFileReference; explicitFileType = text.script.python; fileEncoding = 4; path = tags.py; sourceTree = "<group>"; usesTabs = 1; };
		3EDD4113156D022200002352 /* en */ = {isa = PBXFileReference; lastKnownFileType = text.plist.strings; name = en; path = en.lproj/Values.strings; sourceTree = "<group>"; };
		3EDD4116156D8EE200002352 /* GCPlacestring.h */ = {isa = PBXFileReference; fileEncoding = 4; lastKnownFileType = sourcecode.c.h; path = GCPlacestring.h; sourceTree = "<group>"; };
		3EDD4117156D8EE200002352 /* GCPlacestring.m */ = {isa = PBXFileReference; fileEncoding = 4; lastKnownFileType = sourcecode.c.objc; path = GCPlacestring.m; sourceTree = "<group>"; };
		3EDD411C156E335000002352 /* GCPlacestringTests.m */ = {isa = PBXFileReference; fileEncoding = 4; lastKnownFileType = sourcecode.c.objc; path = GCPlacestringTests.m; sourceTree = "<group>"; };
		3EDD411E156F047A00002352 /* Tags.strings */ = {isa = PBXFileReference; fileEncoding = 4; lastKnownFileType = text.plist.strings; path = Tags.strings; sourceTree = "<group>"; };
		3EDDB426154EC63C0068E85F /* GCString.h */ = {isa = PBXFileReference; fileEncoding = 4; lastKnownFileType = sourcecode.c.h; path = GCString.h; sourceTree = "<group>"; };
		3EDDB427154EC63C0068E85F /* GCString.m */ = {isa = PBXFileReference; fileEncoding = 4; lastKnownFileType = sourcecode.c.objc; path = GCString.m; sourceTree = "<group>"; };
		3EDDB42B154EC6470068E85F /* GCBool.h */ = {isa = PBXFileReference; fileEncoding = 4; lastKnownFileType = sourcecode.c.h; path = GCBool.h; sourceTree = "<group>"; };
		3EDDB42C154EC6470068E85F /* GCBool.m */ = {isa = PBXFileReference; fileEncoding = 4; lastKnownFileType = sourcecode.c.objc; path = GCBool.m; sourceTree = "<group>"; };
		3EDDB42F154EC6550068E85F /* GCNumber.h */ = {isa = PBXFileReference; fileEncoding = 4; lastKnownFileType = sourcecode.c.h; path = GCNumber.h; sourceTree = "<group>"; };
		3EDDB430154EC6550068E85F /* GCNumber.m */ = {isa = PBXFileReference; fileEncoding = 4; lastKnownFileType = sourcecode.c.objc; path = GCNumber.m; sourceTree = "<group>"; };
		3EECFD3A151C32630074E26C /* GCAge.h */ = {isa = PBXFileReference; fileEncoding = 4; lastKnownFileType = sourcecode.c.h; path = GCAge.h; sourceTree = "<group>"; };
		3EECFD3B151C32630074E26C /* GCAge.m */ = {isa = PBXFileReference; fileEncoding = 4; lastKnownFileType = sourcecode.c.objc; path = GCAge.m; sourceTree = "<group>"; };
		3EECFD48151C32630074E26C /* GCDate.h */ = {isa = PBXFileReference; fileEncoding = 4; lastKnownFileType = sourcecode.c.h; path = GCDate.h; sourceTree = "<group>"; };
		3EECFD49151C32630074E26C /* GCDate.m */ = {isa = PBXFileReference; fileEncoding = 4; lastKnownFileType = sourcecode.c.objc; path = GCDate.m; sourceTree = "<group>"; };
		3EECFD5E151C32630074E26C /* GCNode.h */ = {isa = PBXFileReference; fileEncoding = 4; lastKnownFileType = sourcecode.c.h; path = GCNode.h; sourceTree = "<group>"; };
		3EECFD5F151C32630074E26C /* GCNode.m */ = {isa = PBXFileReference; fileEncoding = 4; lastKnownFileType = sourcecode.c.objc; path = GCNode.m; sourceTree = "<group>"; };
		3EF7A1C6151C3873004A8540 /* GCAgeTests.m */ = {isa = PBXFileReference; fileEncoding = 4; lastKnownFileType = sourcecode.c.objc; path = GCAgeTests.m; sourceTree = "<group>"; };
		3EF7A1C7151C3873004A8540 /* GCDateTests.m */ = {isa = PBXFileReference; fileEncoding = 4; lastKnownFileType = sourcecode.c.objc; path = GCDateTests.m; sourceTree = "<group>"; };
		3EF7A1CA151C57A2004A8540 /* GCTag.h */ = {isa = PBXFileReference; fileEncoding = 4; lastKnownFileType = sourcecode.c.h; path = GCTag.h; sourceTree = "<group>"; };
		3EF7A1CB151C57A3004A8540 /* GCTag.m */ = {isa = PBXFileReference; fileEncoding = 4; lastKnownFileType = sourcecode.c.objc; path = GCTag.m; sourceTree = "<group>"; };
		3EF7A1CE151C5F8E004A8540 /* GCNodeTests.m */ = {isa = PBXFileReference; fileEncoding = 4; lastKnownFileType = sourcecode.c.objc; path = GCNodeTests.m; sourceTree = "<group>"; };
		3EF7A1D4151C600C004A8540 /* allged.ged */ = {isa = PBXFileReference; fileEncoding = 4; lastKnownFileType = text; path = allged.ged; sourceTree = "<group>"; };
		3EF7A1D5151C600C004A8540 /* simple.ged */ = {isa = PBXFileReference; fileEncoding = 4; lastKnownFileType = text; path = simple.ged; sourceTree = "<group>"; };
/* End PBXFileReference section */

/* Begin PBXFrameworksBuildPhase section */
		3E1C3E62151C319C005E09E1 /* Frameworks */ = {
			isa = PBXFrameworksBuildPhase;
			buildActionMask = 2147483647;
			files = (
				3E1C3E6A151C319C005E09E1 /* Cocoa.framework in Frameworks */,
			);
			runOnlyForDeploymentPostprocessing = 0;
		};
		3E1C3E7A151C319D005E09E1 /* Frameworks */ = {
			isa = PBXFrameworksBuildPhase;
			buildActionMask = 2147483647;
			files = (
				3E1C3E80151C319D005E09E1 /* SenTestingKit.framework in Frameworks */,
				3E1C3E81151C319D005E09E1 /* Cocoa.framework in Frameworks */,
				3E1C3E84151C319D005E09E1 /* Gedcom.framework in Frameworks */,
			);
			runOnlyForDeploymentPostprocessing = 0;
		};
		3E3995A5155DE4B500228946 /* Frameworks */ = {
			isa = PBXFrameworksBuildPhase;
			buildActionMask = 2147483647;
			files = (
				3E3995AA155DE4B500228946 /* Cocoa.framework in Frameworks */,
				3E3995DA155DE57000228946 /* Gedcom.framework in Frameworks */,
			);
			runOnlyForDeploymentPostprocessing = 0;
		};
		3E8C1E0216255344005B3BE6 /* Frameworks */ = {
			isa = PBXFrameworksBuildPhase;
			buildActionMask = 2147483647;
			files = (
				3E8C1E0716255344005B3BE6 /* Cocoa.framework in Frameworks */,
				3E8C1E3316255392005B3BE6 /* Gedcom.framework in Frameworks */,
			);
			runOnlyForDeploymentPostprocessing = 0;
		};
/* End PBXFrameworksBuildPhase section */

/* Begin PBXGroup section */
		3E14EDC715230A3000080364 /* Nodes */ = {
			isa = PBXGroup;
			children = (
				3EECFD5E151C32630074E26C /* GCNode.h */,
				3EECFD5F151C32630074E26C /* GCNode.m */,
				3E29DB1B154A405100756CF4 /* GCMutableNode.h */,
				3E29DB1C154A405100756CF4 /* GCMutableNode.m */,
			);
			name = Nodes;
			sourceTree = "<group>";
		};
		3E14EDCC15230FE400080364 /* Values */ = {
			isa = PBXGroup;
			children = (
				3E57557915202A9600A918D1 /* GCValue.h */,
				3E5A68661610B51B005B2319 /* GCValue_internal.h */,
				3E57557A15202A9600A918D1 /* GCValue.m */,
				3E396A05154F3A4A00AE8636 /* Subclasses */,
				3E396A00154F374000AE8636 /* Formatters */,
			);
			name = Values;
			sourceTree = "<group>";
		};
		3E17B4AE16013ACF009D2CCB /* Object hierarchy */ = {
			isa = PBXGroup;
			children = (
				3E57558615217C0D00A918D1 /* GCObject.h */,
				3E09D18C15F9427C00BAA69E /* GCObject_internal.h */,
				3E57558715217C0D00A918D1 /* GCObject.m */,
				3ED1712B16155AE100B5B83F /* GCObject+GCObjectKeyValueAdditions.h */,
				3ED1712C16155AE200B5B83F /* GCObject+GCObjectKeyValueAdditions.m */,
				3E5F50C7151E02C300A433A6 /* GCEntity.h */,
				3E5F50C8151E02C300A433A6 /* GCEntity.m */,
				3E4373591521CF1400BA362F /* Properties */,
				3E17B4AF16013AFD009D2CCB /* Concrete subclasses */,
			);
			name = "Object hierarchy";
			sourceTree = "<group>";
		};
		3E17B4AF16013AFD009D2CCB /* Concrete subclasses */ = {
			isa = PBXGroup;
			children = (
				3EDBBE5D15F7EE04008C1E50 /* Generated files */,
				3E21E9B3160E88EB001EE004 /* GCChangeInfoAttribute.h */,
				3E21E9B4160E88EB001EE004 /* GCChangeInfoAttribute.m */,
				3E8C1D77161CD23F005B3BE6 /* Object Additions */,
				3E81B76B1607DAA70028F3C1 /* Custom tag subclasses */,
			);
			name = "Concrete subclasses";
			sourceTree = "<group>";
		};
		3E17B4B716042E21009D2CCB /* Value tests */ = {
			isa = PBXGroup;
			children = (
				3EF7A1C6151C3873004A8540 /* GCAgeTests.m */,
				3EF7A1C7151C3873004A8540 /* GCDateTests.m */,
				3E29DB18154A1C3800756CF4 /* GCDateAgeMathTests.m */,
				3EDD411C156E335000002352 /* GCPlacestringTests.m */,
				3E3969FE154F34E600AE8636 /* GCFormatterTests.m */,
			);
			name = "Value tests";
			sourceTree = "<group>";
		};
		3E17B4B816042E51009D2CCB /* Object tests */ = {
			isa = PBXGroup;
			children = (
				3E5F50CC151E27BA00A433A6 /* GCObjectTests.m */,
				3ED171291614C16200B5B83F /* GCPredicateTests.m */,
				3E396A06155B43B600AE8636 /* GCFileTests.m */,
				3E75A92E1547A55A00F85777 /* GCKeyValueTests.m */,
				3E8C1E9C1626BBA5005B3BE6 /* GCSanityCheckTests.m */,
			);
			name = "Object tests";
			sourceTree = "<group>";
		};
		3E1C3E5A151C319B005E09E1 = {
			isa = PBXGroup;
			children = (
				3E5F5097151DCC7B00A433A6 /* README.md */,
				3E1C3E6F151C319C005E09E1 /* Gedcom */,
				3E1C3E85151C319D005E09E1 /* GedcomTests */,
				3E3995AB155DE4B500228946 /* GedcomGUI */,
				3E8C1E0816255344005B3BE6 /* GedcomTools */,
				3E1C3E68151C319C005E09E1 /* Frameworks */,
				3E1C3E67151C319C005E09E1 /* Products */,
			);
			sourceTree = "<group>";
		};
		3E1C3E67151C319C005E09E1 /* Products */ = {
			isa = PBXGroup;
			children = (
				3E1C3E66151C319C005E09E1 /* Gedcom.framework */,
				3E1C3E7E151C319D005E09E1 /* GedcomTests.octest */,
				3E3995A8155DE4B500228946 /* GedcomGUI.app */,
				3E8C1E0516255344005B3BE6 /* GedcomTools.app */,
			);
			name = Products;
			sourceTree = "<group>";
		};
		3E1C3E68151C319C005E09E1 /* Frameworks */ = {
			isa = PBXGroup;
			children = (
				3E1C3E69151C319C005E09E1 /* Cocoa.framework */,
				3E1C3E7F151C319D005E09E1 /* SenTestingKit.framework */,
				3E1C3E6B151C319C005E09E1 /* Other Frameworks */,
			);
			name = Frameworks;
			sourceTree = "<group>";
		};
		3E1C3E6B151C319C005E09E1 /* Other Frameworks */ = {
			isa = PBXGroup;
			children = (
				3E1C3E6C151C319C005E09E1 /* AppKit.framework */,
				3E1C3E6D151C319C005E09E1 /* CoreData.framework */,
				3E1C3E6E151C319C005E09E1 /* Foundation.framework */,
			);
			name = "Other Frameworks";
			sourceTree = "<group>";
		};
		3E1C3E6F151C319C005E09E1 /* Gedcom */ = {
			isa = PBXGroup;
			children = (
				3E5F50C0151DF2E800A433A6 /* Gedcom.h */,
				3E5A68671610CA16005B2319 /* GedcomErrors.h */,
				3E14EDC715230A3000080364 /* Nodes */,
				3E14EDC815230DAE00080364 /* GCContext.h */,
				3E17B4B31602CEAF009D2CCB /* GCContext_internal.h */,
				3E14EDC915230DAE00080364 /* GCContext.m */,
				3E57558A15217C1600A918D1 /* Objects */,
				3E14EDCC15230FE400080364 /* Values */,
				3EB5ABCF153615CD0036B4D5 /* Helpers */,
				3E1C3E70151C319C005E09E1 /* Supporting Files */,
			);
			path = Gedcom;
			sourceTree = "<group>";
		};
		3E1C3E70151C319C005E09E1 /* Supporting Files */ = {
			isa = PBXGroup;
			children = (
				3E1C3E71151C319C005E09E1 /* Gedcom-Info.plist */,
				3E1C3E72151C319C005E09E1 /* InfoPlist.strings */,
				3E1C3E75151C319C005E09E1 /* Gedcom-Prefix.pch */,
				3EB5ABD5153619280036B4D5 /* tags.json */,
				3E8C1E9216264837005B3BE6 /* sanity.json */,
				3EDD4112156D022200002352 /* Values.strings */,
				3EDD411E156F047A00002352 /* Tags.strings */,
			);
			name = "Supporting Files";
			sourceTree = "<group>";
		};
		3E1C3E85151C319D005E09E1 /* GedcomTests */ = {
			isa = PBXGroup;
			children = (
				3EF7A1CE151C5F8E004A8540 /* GCNodeTests.m */,
				3E5F50C5151DFB0000A433A6 /* GCTagTests.m */,
				3E17B4B816042E51009D2CCB /* Object tests */,
				3E17B4B716042E21009D2CCB /* Value tests */,
				3E17B4B016013CCD009D2CCB /* GCDelegateTests.m */,
				3E17B4B51603F254009D2CCB /* GCHelperTests.m */,
				3E1C3E86151C319D005E09E1 /* Supporting Files */,
			);
			path = GedcomTests;
			sourceTree = "<group>";
		};
		3E1C3E86151C319D005E09E1 /* Supporting Files */ = {
			isa = PBXGroup;
			children = (
				3E5A686B1610F57A005B2319 /* TGC55.ged */,
				3EF7A1D4151C600C004A8540 /* allged.ged */,
				3EF7A1D5151C600C004A8540 /* simple.ged */,
				3E1C3E87151C319D005E09E1 /* GedcomTests-Info.plist */,
				3E1C3E88151C319D005E09E1 /* InfoPlist.strings */,
			);
			name = "Supporting Files";
			sourceTree = "<group>";
		};
		3E396A00154F374000AE8636 /* Formatters */ = {
			isa = PBXGroup;
			children = (
				3E396A01154F375400AE8636 /* GCValueFormatter.h */,
				3E396A02154F375400AE8636 /* GCValueFormatter.m */,
			);
			name = Formatters;
			sourceTree = "<group>";
		};
		3E396A05154F3A4A00AE8636 /* Subclasses */ = {
			isa = PBXGroup;
			children = (
				3EDDB426154EC63C0068E85F /* GCString.h */,
				3EDDB427154EC63C0068E85F /* GCString.m */,
				3E3950681560DFFC00FEEA9F /* GCNamestring.h */,
				3E3950691560DFFC00FEEA9F /* GCNamestring.m */,
				3EDD4116156D8EE200002352 /* GCPlacestring.h */,
				3EDD4117156D8EE200002352 /* GCPlacestring.m */,
				3E5A68611610A6E7005B2319 /* GCList.h */,
				3E5A68621610A6E8005B2319 /* GCList.m */,
				3EDDB42F154EC6550068E85F /* GCNumber.h */,
				3EDDB430154EC6550068E85F /* GCNumber.m */,
				3E29DB34154E622500756CF4 /* GCGender.h */,
				3E29DB35154E622600756CF4 /* GCGender.m */,
				3EDDB42B154EC6470068E85F /* GCBool.h */,
				3EDDB42C154EC6470068E85F /* GCBool.m */,
				3EECFD3A151C32630074E26C /* GCAge.h */,
				3EECFD3B151C32630074E26C /* GCAge.m */,
				3EECFD48151C32630074E26C /* GCDate.h */,
				3EECFD49151C32630074E26C /* GCDate.m */,
				3E75836015F8DC6D00A9B096 /* Parsers */,
			);
			name = Subclasses;
			sourceTree = "<group>";
		};
		3E3995AB155DE4B500228946 /* GedcomGUI */ = {
			isa = PBXGroup;
			children = (
				3E3995B7155DE4B500228946 /* Document.h */,
				3E3995B8155DE4B500228946 /* Document.m */,
				3E8C1D70161BDA52005B3BE6 /* GCGUIAdditions.h */,
				3E8C1D71161BDA52005B3BE6 /* GCGUIAdditions.m */,
				3E3995BA155DE4B500228946 /* Document.xib */,
				3E3995BD155DE4B500228946 /* MainMenu.xib */,
				3E3995AC155DE4B500228946 /* Supporting Files */,
			);
			path = GedcomGUI;
			sourceTree = "<group>";
		};
		3E3995AC155DE4B500228946 /* Supporting Files */ = {
			isa = PBXGroup;
			children = (
				3E3995AD155DE4B500228946 /* GedcomGUI-Info.plist */,
				3E3995AE155DE4B500228946 /* InfoPlist.strings */,
				3E3995B1155DE4B500228946 /* main.m */,
				3E3995B3155DE4B500228946 /* GedcomGUI-Prefix.pch */,
				3E3995B4155DE4B500228946 /* Credits.rtf */,
				3ED171221614B4FC00B5B83F /* Predicates.strings */,
			);
			name = "Supporting Files";
			sourceTree = "<group>";
		};
		3E4373591521CF1400BA362F /* Properties */ = {
			isa = PBXGroup;
			children = (
				3E57558B15217C2F00A918D1 /* GCProperty.h */,
				3E57558C15217C2F00A918D1 /* GCProperty.m */,
				3E4373531521CB7200BA362F /* GCAttribute.h */,
				3E4373541521CB7200BA362F /* GCAttribute.m */,
				3E57558F15217C3B00A918D1 /* GCRelationship.h */,
				3E57559015217C3B00A918D1 /* GCRelationship.m */,
			);
			name = Properties;
			sourceTree = "<group>";
		};
		3E57558A15217C1600A918D1 /* Objects */ = {
			isa = PBXGroup;
			children = (
				3EF7A1CA151C57A2004A8540 /* GCTag.h */,
				3EF7A1CB151C57A3004A8540 /* GCTag.m */,
				3E17B4AE16013ACF009D2CCB /* Object hierarchy */,
			);
			name = Objects;
			sourceTree = "<group>";
		};
		3E75836015F8DC6D00A9B096 /* Parsers */ = {
			isa = PBXGroup;
			children = (
				3E75836515F8DDF800A9B096 /* GCAge_internal.h */,
				3E75837915F8EAB900A9B096 /* GCAgeParser.rl */,
				3E75836215F8DD7F00A9B096 /* GCAgeParser.m */,
				3E75836615F8DF3E00A9B096 /* GCDate_internal.h */,
				3E17B4BD1606BF55009D2CCB /* GCDateParser.rl */,
				3E75836815F8DF4800A9B096 /* GCDateParser.m */,
			);
			name = Parsers;
			sourceTree = "<group>";
		};
		3E81B76B1607DAA70028F3C1 /* Custom tag subclasses */ = {
			isa = PBXGroup;
			children = (
				3E02E7B61607D968008728D9 /* GCCustomEntity.h */,
				3E02E7B71607D968008728D9 /* GCCustomEntity.m */,
				3E81B7631607DA630028F3C1 /* GCCustomAttribute.h */,
				3E81B7641607DA630028F3C1 /* GCCustomAttribute.m */,
				3E81B7671607DA9D0028F3C1 /* GCCustomRelationship.h */,
				3E81B7681607DA9D0028F3C1 /* GCCustomRelationship.m */,
			);
			name = "Custom tag subclasses";
			sourceTree = "<group>";
		};
		3E8C1D77161CD23F005B3BE6 /* Object Additions */ = {
			isa = PBXGroup;
			children = (
				3E8C1E9B1626BAA5005B3BE6 /* Sanity Checking */,
				3E8C1D78161CD267005B3BE6 /* GCBinaryObjectAttribute+GCObjectAdditions.h */,
				3E8C1D79161CD267005B3BE6 /* GCBinaryObjectAttribute+GCObjectAdditions.m */,
				3E8C1E97162648DE005B3BE6 /* GCIndividualEntity+GCObjectAdditions.h */,
				3E8C1E98162648DF005B3BE6 /* GCIndividualEntity+GCObjectAdditions.m */,
			);
			name = "Object Additions";
			sourceTree = "<group>";
		};
		3E8C1E0816255344005B3BE6 /* GedcomTools */ = {
			isa = PBXGroup;
			children = (
				3E8C1E141625534A005B3BE6 /* GCAppDelegate.h */,
				3E8C1E151625534A005B3BE6 /* GCAppDelegate.m */,
				3E8C1E171625534C005B3BE6 /* MainMenu.xib */,
				3E8C1E091625534A005B3BE6 /* Supporting Files */,
			);
			path = GedcomTools;
			sourceTree = "<group>";
		};
		3E8C1E091625534A005B3BE6 /* Supporting Files */ = {
			isa = PBXGroup;
			children = (
				3E8C1E0A1625534A005B3BE6 /* GedcomTools-Info.plist */,
				3E8C1E0B1625534A005B3BE6 /* InfoPlist.strings */,
				3E8C1E0E1625534A005B3BE6 /* main.m */,
				3E8C1E101625534A005B3BE6 /* GedcomTools-Prefix.pch */,
				3E8C1E111625534A005B3BE6 /* Credits.rtf */,
			);
			name = "Supporting Files";
			sourceTree = "<group>";
		};
		3E8C1E9B1626BAA5005B3BE6 /* Sanity Checking */ = {
			isa = PBXGroup;
			children = (
				3E8C1E9416264861005B3BE6 /* GCObject+GCSanityCheckAdditions.h */,
				3E8C1E9516264861005B3BE6 /* GCObject+GCSanityCheckAdditions.m */,
			);
			name = "Sanity Checking";
			sourceTree = "<group>";
		};
		3EB5ABCF153615CD0036B4D5 /* Helpers */ = {
			isa = PBXGroup;
			children = (
				3ED1712F161647F200B5B83F /* Third party */,
				3E57557E152057B200A918D1 /* DateHelpers.h */,
				3E21E9BA160F5A05001EE004 /* ValidationHelpers.h */,
				3E5A686A1610EFEF005B2319 /* CharacterSetHelpers.h */,
				3ED92D411563D76500E53E47 /* Delegate protocols */,
				3ED92D3D1563C70500E53E47 /* GCXrefProtocol.h */,
				3ED92D3E1563C70500E53E47 /* GCXrefProtocol.m */,
				3E0E6801161112B4000CF845 /* anselmap.py */,
				3E5A68681610EB2D005B2319 /* ans2uni.out */,
			);
			name = Helpers;
			sourceTree = "<group>";
		};
		3ED1712F161647F200B5B83F /* Third party */ = {
			isa = PBXGroup;
			children = (
				3E8C1D73161BDA83005B3BE6 /* NSData+Base64.h */,
				3E8C1D74161BDA83005B3BE6 /* NSData+Base64.m */,
			);
			name = "Third party";
			sourceTree = "<group>";
		};
		3ED92D411563D76500E53E47 /* Delegate protocols */ = {
			isa = PBXGroup;
			children = (
				3ED92D421563D78C00E53E47 /* GCContextDelegate.h */,
			);
			name = "Delegate protocols";
			sourceTree = "<group>";
		};
		3EDBBE5D15F7EE04008C1E50 /* Generated files */ = {
			isa = PBXGroup;
			children = (
				3EDBBE6115F7EE15008C1E50 /* tags.py */,
				3EDBBE5F15F7EE15008C1E50 /* GCObjects_generated.h */,
				3EDBBE6015F7EE15008C1E50 /* GCObjects_generated.m */,
			);
			name = "Generated files";
			sourceTree = "<group>";
		};
/* End PBXGroup section */

/* Begin PBXHeadersBuildPhase section */
		3E1C3E63151C319C005E09E1 /* Headers */ = {
			isa = PBXHeadersBuildPhase;
			buildActionMask = 2147483647;
			files = (
				3E5F50C2151DF2E800A433A6 /* Gedcom.h in Headers */,
				3EECFD66151C32630074E26C /* GCAge.h in Headers */,
				3EECFD74151C32630074E26C /* GCDate.h in Headers */,
				3EECFD8A151C32630074E26C /* GCNode.h in Headers */,
				3EF7A1CC151C57A4004A8540 /* GCTag.h in Headers */,
				3E5F50C9151E02C300A433A6 /* GCEntity.h in Headers */,
				3E57557B15202A9600A918D1 /* GCValue.h in Headers */,
				3E575580152057B200A918D1 /* DateHelpers.h in Headers */,
				3E57558815217C0E00A918D1 /* GCObject.h in Headers */,
				3E57558D15217C2F00A918D1 /* GCProperty.h in Headers */,
				3E57559115217C3B00A918D1 /* GCRelationship.h in Headers */,
				3E4373551521CB7200BA362F /* GCAttribute.h in Headers */,
				3E14EDCA15230DAF00080364 /* GCContext.h in Headers */,
				3E29DB1D154A405100756CF4 /* GCMutableNode.h in Headers */,
				3E29DB36154E622700756CF4 /* GCGender.h in Headers */,
				3EDDB428154EC63C0068E85F /* GCString.h in Headers */,
				3EDDB42D154EC6470068E85F /* GCBool.h in Headers */,
				3EDDB431154EC6550068E85F /* GCNumber.h in Headers */,
				3E396A03154F375400AE8636 /* GCValueFormatter.h in Headers */,
				3E39506A1560DFFC00FEEA9F /* GCNamestring.h in Headers */,
				3ED92D3F1563C70500E53E47 /* GCXrefProtocol.h in Headers */,
				3ED92D441563D78C00E53E47 /* GCContextDelegate.h in Headers */,
				3EDD4118156D8EE200002352 /* GCPlacestring.h in Headers */,
				3EDBBE6215F7EE15008C1E50 /* GCObjects_generated.h in Headers */,
				3E09D19115F9815E00BAA69E /* GCObject_internal.h in Headers */,
				3E09D19215F9816600BAA69E /* GCAge_internal.h in Headers */,
				3E09D19315F9816900BAA69E /* GCDate_internal.h in Headers */,
				3E02E7B81607D968008728D9 /* GCCustomEntity.h in Headers */,
				3E81B7651607DA630028F3C1 /* GCCustomAttribute.h in Headers */,
				3E81B7691607DA9D0028F3C1 /* GCCustomRelationship.h in Headers */,
				3E21E9B5160E88EB001EE004 /* GCChangeInfoAttribute.h in Headers */,
				3E21E9BB160F5A05001EE004 /* ValidationHelpers.h in Headers */,
				3E5A68631610A6E8005B2319 /* GCList.h in Headers */,
				3ED1712D16155AE200B5B83F /* GCObject+GCObjectKeyValueAdditions.h in Headers */,
				3E8C1D75161BDA83005B3BE6 /* NSData+Base64.h in Headers */,
				3E8C1D7A161CD267005B3BE6 /* GCBinaryObjectAttribute+GCObjectAdditions.h in Headers */,
				3E8C1E99162648DF005B3BE6 /* GCIndividualEntity+GCObjectAdditions.h in Headers */,
				3E8C1E9F1626BEC7005B3BE6 /* GCObject+GCSanityCheckAdditions.h in Headers */,
			);
			runOnlyForDeploymentPostprocessing = 0;
		};
/* End PBXHeadersBuildPhase section */

/* Begin PBXLegacyTarget section */
		3E02E7A71606C12B008728D9 /* Build Date Parser */ = {
			isa = PBXLegacyTarget;
			buildArgumentsString = "GCDateParser.rl -o GCDateParser.m";
			buildConfigurationList = 3E02E7AA1606C12B008728D9 /* Build configuration list for PBXLegacyTarget "Build Date Parser" */;
			buildPhases = (
			);
			buildToolPath = /opt/local/bin/ragel;
			buildWorkingDirectory = Gedcom;
			dependencies = (
			);
			name = "Build Date Parser";
			passBuildSettingsInEnvironment = 1;
			productName = "Build Date Parser";
		};
		3E75835315F7EEE500A9B096 /* Generate GCObject Subclasses */ = {
			isa = PBXLegacyTarget;
			buildArgumentsString = tags.py;
			buildConfigurationList = 3E75835415F7EEE500A9B096 /* Build configuration list for PBXLegacyTarget "Generate GCObject Subclasses" */;
			buildPhases = (
			);
			buildToolPath = /usr/bin/python;
			buildWorkingDirectory = Gedcom;
			dependencies = (
			);
			name = "Generate GCObject Subclasses";
			passBuildSettingsInEnvironment = 1;
			productName = "Generate GCObject Subclasses";
		};
		3E75836F15F8EA7200A9B096 /* Build Age Parser */ = {
			isa = PBXLegacyTarget;
			buildArgumentsString = "GCAgeParser.rl -o GCAgeParser.m";
			buildConfigurationList = 3E75837015F8EA7200A9B096 /* Build configuration list for PBXLegacyTarget "Build Age Parser" */;
			buildPhases = (
			);
			buildToolPath = /opt/local/bin/ragel;
			buildWorkingDirectory = Gedcom;
			dependencies = (
			);
			name = "Build Age Parser";
			passBuildSettingsInEnvironment = 1;
			productName = "Build Age Parser";
		};
/* End PBXLegacyTarget section */

/* Begin PBXNativeTarget section */
		3E1C3E65151C319C005E09E1 /* Gedcom */ = {
			isa = PBXNativeTarget;
			buildConfigurationList = 3E1C3E90151C319D005E09E1 /* Build configuration list for PBXNativeTarget "Gedcom" */;
			buildPhases = (
				3E1C3E61151C319C005E09E1 /* Sources */,
				3E1C3E62151C319C005E09E1 /* Frameworks */,
				3E1C3E63151C319C005E09E1 /* Headers */,
				3E1C3E64151C319C005E09E1 /* Resources */,
			);
			buildRules = (
			);
			dependencies = (
				3E75835815F7F09F00A9B096 /* PBXTargetDependency */,
				3E09D18F15F9803A00BAA69E /* PBXTargetDependency */,
			);
			name = Gedcom;
			productName = Gedcom;
			productReference = 3E1C3E66151C319C005E09E1 /* Gedcom.framework */;
			productType = "com.apple.product-type.framework";
		};
		3E1C3E7D151C319D005E09E1 /* GedcomTests */ = {
			isa = PBXNativeTarget;
			buildConfigurationList = 3E1C3E93151C319D005E09E1 /* Build configuration list for PBXNativeTarget "GedcomTests" */;
			buildPhases = (
				3E1C3E79151C319D005E09E1 /* Sources */,
				3E1C3E7A151C319D005E09E1 /* Frameworks */,
				3E1C3E7B151C319D005E09E1 /* Resources */,
				3E1C3E7C151C319D005E09E1 /* ShellScript */,
			);
			buildRules = (
			);
			dependencies = (
				3E1C3E83151C319D005E09E1 /* PBXTargetDependency */,
			);
			name = GedcomTests;
			productName = GedcomTests;
			productReference = 3E1C3E7E151C319D005E09E1 /* GedcomTests.octest */;
			productType = "com.apple.product-type.bundle";
		};
		3E3995A7155DE4B500228946 /* GedcomGUI */ = {
			isa = PBXNativeTarget;
			buildConfigurationList = 3E3995D7155DE4B500228946 /* Build configuration list for PBXNativeTarget "GedcomGUI" */;
			buildPhases = (
				3E3995A4155DE4B500228946 /* Sources */,
				3E3995A5155DE4B500228946 /* Frameworks */,
				3E3995A6155DE4B500228946 /* Resources */,
				3E3995DE155DE68400228946 /* CopyFiles */,
			);
			buildRules = (
			);
			dependencies = (
				3E3995DD155DE57F00228946 /* PBXTargetDependency */,
			);
			name = GedcomGUI;
			productName = GedcomGUI;
			productReference = 3E3995A8155DE4B500228946 /* GedcomGUI.app */;
			productType = "com.apple.product-type.application";
		};
		3E8C1E0416255344005B3BE6 /* GedcomTools */ = {
			isa = PBXNativeTarget;
			buildConfigurationList = 3E8C1E2D16255350005B3BE6 /* Build configuration list for PBXNativeTarget "GedcomTools" */;
			buildPhases = (
				3E8C1E0116255344005B3BE6 /* Sources */,
				3E8C1E0216255344005B3BE6 /* Frameworks */,
				3E8C1E0316255344005B3BE6 /* Resources */,
			);
			buildRules = (
			);
			dependencies = (
				3E39987C162858F70069041F /* PBXTargetDependency */,
			);
			name = GedcomTools;
			productName = GedcomTools;
			productReference = 3E8C1E0516255344005B3BE6 /* GedcomTools.app */;
			productType = "com.apple.product-type.application";
		};
/* End PBXNativeTarget section */

/* Begin PBXProject section */
		3E1C3E5C151C319C005E09E1 /* Project object */ = {
			isa = PBXProject;
			attributes = {
				LastUpgradeCheck = 0440;
				ORGANIZATIONNAME = "Mikkel Eide Eriksen";
			};
			buildConfigurationList = 3E1C3E5F151C319C005E09E1 /* Build configuration list for PBXProject "Gedcom" */;
			compatibilityVersion = "Xcode 3.2";
			developmentRegion = English;
			hasScannedForEncodings = 0;
			knownRegions = (
				en,
			);
			mainGroup = 3E1C3E5A151C319B005E09E1;
			productRefGroup = 3E1C3E67151C319C005E09E1 /* Products */;
			projectDirPath = "";
			projectRoot = "";
			targets = (
				3E1C3E65151C319C005E09E1 /* Gedcom */,
				3E1C3E7D151C319D005E09E1 /* GedcomTests */,
				3E3995A7155DE4B500228946 /* GedcomGUI */,
				3E8C1E0416255344005B3BE6 /* GedcomTools */,
				3E29DB2F154AE1F100756CF4 /* Documentation */,
				3E75835315F7EEE500A9B096 /* Generate GCObject Subclasses */,
				3E75836F15F8EA7200A9B096 /* Build Age Parser */,
				3E02E7A71606C12B008728D9 /* Build Date Parser */,
				3E75837315F8EA7D00A9B096 /* Build Parsers */,
			);
		};
/* End PBXProject section */

/* Begin PBXResourcesBuildPhase section */
		3E1C3E64151C319C005E09E1 /* Resources */ = {
			isa = PBXResourcesBuildPhase;
			buildActionMask = 2147483647;
			files = (
				3E1C3E74151C319C005E09E1 /* InfoPlist.strings in Resources */,
				3E5F5098151DCC7B00A433A6 /* README.md in Resources */,
				3EB5ABD6153619280036B4D5 /* tags.json in Resources */,
				3EDD4114156D022200002352 /* Values.strings in Resources */,
				3EDD411F156F047A00002352 /* Tags.strings in Resources */,
				3E8C1EA11626BED7005B3BE6 /* sanity.json in Resources */,
			);
			runOnlyForDeploymentPostprocessing = 0;
		};
		3E1C3E7B151C319D005E09E1 /* Resources */ = {
			isa = PBXResourcesBuildPhase;
			buildActionMask = 2147483647;
			files = (
				3E1C3E8A151C319D005E09E1 /* InfoPlist.strings in Resources */,
				3EF7A1D6151C600C004A8540 /* allged.ged in Resources */,
				3EF7A1D7151C600C004A8540 /* simple.ged in Resources */,
				3E5A686C1610F57A005B2319 /* TGC55.ged in Resources */,
			);
			runOnlyForDeploymentPostprocessing = 0;
		};
		3E3995A6155DE4B500228946 /* Resources */ = {
			isa = PBXResourcesBuildPhase;
			buildActionMask = 2147483647;
			files = (
				3E3995B0155DE4B500228946 /* InfoPlist.strings in Resources */,
				3E3995B6155DE4B500228946 /* Credits.rtf in Resources */,
				3E3995BC155DE4B500228946 /* Document.xib in Resources */,
				3E3995BF155DE4B500228946 /* MainMenu.xib in Resources */,
				3ED171231614B4FC00B5B83F /* Predicates.strings in Resources */,
			);
			runOnlyForDeploymentPostprocessing = 0;
		};
		3E8C1E0316255344005B3BE6 /* Resources */ = {
			isa = PBXResourcesBuildPhase;
			buildActionMask = 2147483647;
			files = (
				3E8C1E0D1625534A005B3BE6 /* InfoPlist.strings in Resources */,
				3E8C1E131625534A005B3BE6 /* Credits.rtf in Resources */,
				3E8C1E191625534C005B3BE6 /* MainMenu.xib in Resources */,
			);
			runOnlyForDeploymentPostprocessing = 0;
		};
/* End PBXResourcesBuildPhase section */

/* Begin PBXShellScriptBuildPhase section */
		3E1C3E7C151C319D005E09E1 /* ShellScript */ = {
			isa = PBXShellScriptBuildPhase;
			buildActionMask = 2147483647;
			files = (
			);
			inputPaths = (
			);
			outputPaths = (
			);
			runOnlyForDeploymentPostprocessing = 0;
			shellPath = /bin/sh;
			shellScript = "# Run the unit tests in this test bundle.\n\"${SYSTEM_DEVELOPER_DIR}/Tools/RunUnitTests\"\n";
		};
		3E29DB33154AE1F700756CF4 /* ShellScript */ = {
			isa = PBXShellScriptBuildPhase;
			buildActionMask = 2147483647;
			files = (
			);
			inputPaths = (
			);
			outputPaths = (
			);
			runOnlyForDeploymentPostprocessing = 0;
			shellPath = /bin/sh;
			shellScript = "/usr/local/bin/appledoc --project-name $PROJECT_NAME --project-company \"Mikkel Eide Eriksen\" --company-id dk.kildekort --output $SOURCE_ROOT/Documentation --logformat Xcode --keep-intermediate-files --warn-undocumented-object --warn-undocumented-member --keep-undocumented-objects --keep-undocumented-members --keep-merged-sections --prefix-merged-sections --no-repeat-first-par --ignore *_internal.h Gedcom/*.h";
		};
/* End PBXShellScriptBuildPhase section */

/* Begin PBXSourcesBuildPhase section */
		3E1C3E61151C319C005E09E1 /* Sources */ = {
			isa = PBXSourcesBuildPhase;
			buildActionMask = 2147483647;
			files = (
				3EECFD67151C32630074E26C /* GCAge.m in Sources */,
				3EECFD75151C32630074E26C /* GCDate.m in Sources */,
				3EECFD8B151C32630074E26C /* GCNode.m in Sources */,
				3EF7A1CD151C57A4004A8540 /* GCTag.m in Sources */,
				3E5F50CA151E02C300A433A6 /* GCEntity.m in Sources */,
				3E57557C15202A9600A918D1 /* GCValue.m in Sources */,
				3E57558915217C0E00A918D1 /* GCObject.m in Sources */,
				3E57558E15217C2F00A918D1 /* GCProperty.m in Sources */,
				3E57559215217C3B00A918D1 /* GCRelationship.m in Sources */,
				3E4373561521CB7200BA362F /* GCAttribute.m in Sources */,
				3E14EDCB15230DAF00080364 /* GCContext.m in Sources */,
				3E29DB1E154A405100756CF4 /* GCMutableNode.m in Sources */,
				3E29DB37154E622700756CF4 /* GCGender.m in Sources */,
				3EDDB429154EC63C0068E85F /* GCString.m in Sources */,
				3EDDB42E154EC6470068E85F /* GCBool.m in Sources */,
				3EDDB432154EC6550068E85F /* GCNumber.m in Sources */,
				3E396A04154F375400AE8636 /* GCValueFormatter.m in Sources */,
				3E39506B1560DFFC00FEEA9F /* GCNamestring.m in Sources */,
				3ED92D401563C70500E53E47 /* GCXrefProtocol.m in Sources */,
				3EDD4119156D8EE200002352 /* GCPlacestring.m in Sources */,
				3EDBBE6315F7EE15008C1E50 /* GCObjects_generated.m in Sources */,
				3E75836415F8DD7F00A9B096 /* GCAgeParser.m in Sources */,
				3E75836A15F8DF4800A9B096 /* GCDateParser.m in Sources */,
				3E02E7B91607D968008728D9 /* GCCustomEntity.m in Sources */,
				3E81B7661607DA630028F3C1 /* GCCustomAttribute.m in Sources */,
				3E81B76A1607DA9D0028F3C1 /* GCCustomRelationship.m in Sources */,
				3E21E9B6160E88EB001EE004 /* GCChangeInfoAttribute.m in Sources */,
				3E5A68641610A6E8005B2319 /* GCList.m in Sources */,
				3ED1712E16155AE200B5B83F /* GCObject+GCObjectKeyValueAdditions.m in Sources */,
				3E8C1D76161BDA83005B3BE6 /* NSData+Base64.m in Sources */,
				3E8C1D7B161CD267005B3BE6 /* GCBinaryObjectAttribute+GCObjectAdditions.m in Sources */,
				3E8C1E9A162648DF005B3BE6 /* GCIndividualEntity+GCObjectAdditions.m in Sources */,
				3E8C1EA01626BECE005B3BE6 /* GCObject+GCSanityCheckAdditions.m in Sources */,
			);
			runOnlyForDeploymentPostprocessing = 0;
		};
		3E1C3E79151C319D005E09E1 /* Sources */ = {
			isa = PBXSourcesBuildPhase;
			buildActionMask = 2147483647;
			files = (
				3EF7A1C8151C3873004A8540 /* GCAgeTests.m in Sources */,
				3EF7A1C9151C3873004A8540 /* GCDateTests.m in Sources */,
				3EF7A1CF151C5F8E004A8540 /* GCNodeTests.m in Sources */,
				3E5F50C6151DFB0000A433A6 /* GCTagTests.m in Sources */,
				3E5F50CD151E27BA00A433A6 /* GCObjectTests.m in Sources */,
				3E75A92F1547A55A00F85777 /* GCKeyValueTests.m in Sources */,
				3E29DB1A154A1D9600756CF4 /* GCDateAgeMathTests.m in Sources */,
				3E3969FF154F34E600AE8636 /* GCFormatterTests.m in Sources */,
				3E396A07155B43B600AE8636 /* GCFileTests.m in Sources */,
				3EDD411D156E335000002352 /* GCPlacestringTests.m in Sources */,
				3E17B4B216014180009D2CCB /* GCDelegateTests.m in Sources */,
				3E17B4B61603F254009D2CCB /* GCHelperTests.m in Sources */,
				3ED1712A1614C16200B5B83F /* GCPredicateTests.m in Sources */,
				3E8C1E9D1626BBA5005B3BE6 /* GCSanityCheckTests.m in Sources */,
			);
			runOnlyForDeploymentPostprocessing = 0;
		};
		3E3995A4155DE4B500228946 /* Sources */ = {
			isa = PBXSourcesBuildPhase;
			buildActionMask = 2147483647;
			files = (
				3E3995B2155DE4B500228946 /* main.m in Sources */,
				3E3995B9155DE4B500228946 /* Document.m in Sources */,
				3E8C1D72161BDA52005B3BE6 /* GCGUIAdditions.m in Sources */,
			);
			runOnlyForDeploymentPostprocessing = 0;
		};
		3E8C1E0116255344005B3BE6 /* Sources */ = {
			isa = PBXSourcesBuildPhase;
			buildActionMask = 2147483647;
			files = (
				3E8C1E0F1625534A005B3BE6 /* main.m in Sources */,
				3E8C1E161625534A005B3BE6 /* GCAppDelegate.m in Sources */,
			);
			runOnlyForDeploymentPostprocessing = 0;
		};
/* End PBXSourcesBuildPhase section */

/* Begin PBXTargetDependency section */
		3E02E7AD1606C150008728D9 /* PBXTargetDependency */ = {
			isa = PBXTargetDependency;
			target = 3E02E7A71606C12B008728D9 /* Build Date Parser */;
			targetProxy = 3E02E7AC1606C150008728D9 /* PBXContainerItemProxy */;
		};
		3E09D18F15F9803A00BAA69E /* PBXTargetDependency */ = {
			isa = PBXTargetDependency;
			target = 3E75837315F8EA7D00A9B096 /* Build Parsers */;
			targetProxy = 3E09D18E15F9803A00BAA69E /* PBXContainerItemProxy */;
		};
		3E1C3E83151C319D005E09E1 /* PBXTargetDependency */ = {
			isa = PBXTargetDependency;
			target = 3E1C3E65151C319C005E09E1 /* Gedcom */;
			targetProxy = 3E1C3E82151C319D005E09E1 /* PBXContainerItemProxy */;
		};
		3E3995DD155DE57F00228946 /* PBXTargetDependency */ = {
			isa = PBXTargetDependency;
			target = 3E1C3E65151C319C005E09E1 /* Gedcom */;
			targetProxy = 3E3995DC155DE57F00228946 /* PBXContainerItemProxy */;
		};
		3E39987C162858F70069041F /* PBXTargetDependency */ = {
			isa = PBXTargetDependency;
			target = 3E1C3E65151C319C005E09E1 /* Gedcom */;
			targetProxy = 3E39987B162858F70069041F /* PBXContainerItemProxy */;
		};
		3E75835815F7F09F00A9B096 /* PBXTargetDependency */ = {
			isa = PBXTargetDependency;
			target = 3E75835315F7EEE500A9B096 /* Generate GCObject Subclasses */;
			targetProxy = 3E75835715F7F09F00A9B096 /* PBXContainerItemProxy */;
		};
		3E75835E15F7F77200A9B096 /* PBXTargetDependency */ = {
			isa = PBXTargetDependency;
			target = 3E75835315F7EEE500A9B096 /* Generate GCObject Subclasses */;
			targetProxy = 3E75835D15F7F77200A9B096 /* PBXContainerItemProxy */;
		};
		3E75837815F8EA8200A9B096 /* PBXTargetDependency */ = {
			isa = PBXTargetDependency;
			target = 3E75836F15F8EA7200A9B096 /* Build Age Parser */;
			targetProxy = 3E75837715F8EA8200A9B096 /* PBXContainerItemProxy */;
		};
/* End PBXTargetDependency section */

/* Begin PBXVariantGroup section */
		3E1C3E72151C319C005E09E1 /* InfoPlist.strings */ = {
			isa = PBXVariantGroup;
			children = (
				3E1C3E73151C319C005E09E1 /* en */,
			);
			name = InfoPlist.strings;
			sourceTree = "<group>";
		};
		3E1C3E88151C319D005E09E1 /* InfoPlist.strings */ = {
			isa = PBXVariantGroup;
			children = (
				3E1C3E89151C319D005E09E1 /* en */,
			);
			name = InfoPlist.strings;
			sourceTree = "<group>";
		};
		3E3995AE155DE4B500228946 /* InfoPlist.strings */ = {
			isa = PBXVariantGroup;
			children = (
				3E3995AF155DE4B500228946 /* en */,
			);
			name = InfoPlist.strings;
			sourceTree = "<group>";
		};
		3E3995B4155DE4B500228946 /* Credits.rtf */ = {
			isa = PBXVariantGroup;
			children = (
				3E3995B5155DE4B500228946 /* en */,
			);
			name = Credits.rtf;
			sourceTree = "<group>";
		};
		3E3995BA155DE4B500228946 /* Document.xib */ = {
			isa = PBXVariantGroup;
			children = (
				3E3995BB155DE4B500228946 /* en */,
			);
			name = Document.xib;
			sourceTree = "<group>";
		};
		3E3995BD155DE4B500228946 /* MainMenu.xib */ = {
			isa = PBXVariantGroup;
			children = (
				3E3995BE155DE4B500228946 /* en */,
			);
			name = MainMenu.xib;
			sourceTree = "<group>";
		};
		3E8C1E0B1625534A005B3BE6 /* InfoPlist.strings */ = {
			isa = PBXVariantGroup;
			children = (
				3E8C1E0C1625534A005B3BE6 /* en */,
			);
			name = InfoPlist.strings;
			sourceTree = "<group>";
		};
		3E8C1E111625534A005B3BE6 /* Credits.rtf */ = {
			isa = PBXVariantGroup;
			children = (
				3E8C1E121625534A005B3BE6 /* en */,
			);
			name = Credits.rtf;
			sourceTree = "<group>";
		};
		3E8C1E171625534C005B3BE6 /* MainMenu.xib */ = {
			isa = PBXVariantGroup;
			children = (
				3E8C1E181625534C005B3BE6 /* en */,
			);
			name = MainMenu.xib;
			sourceTree = "<group>";
		};
		3EDD4112156D022200002352 /* Values.strings */ = {
			isa = PBXVariantGroup;
			children = (
				3EDD4113156D022200002352 /* en */,
			);
			name = Values.strings;
			sourceTree = "<group>";
		};
/* End PBXVariantGroup section */

/* Begin XCBuildConfiguration section */
		3E02E7A81606C12B008728D9 /* Debug */ = {
			isa = XCBuildConfiguration;
			buildSettings = {
				CLANG_CXX_LANGUAGE_STANDARD = "gnu++0x";
				CLANG_WARN__DUPLICATE_METHOD_MATCH = YES;
				DEBUGGING_SYMBOLS = YES;
				GCC_GENERATE_DEBUGGING_SYMBOLS = YES;
				GCC_OPTIMIZATION_LEVEL = 0;
				MACOSX_DEPLOYMENT_TARGET = 10.8;
				OTHER_CFLAGS = "";
				OTHER_LDFLAGS = "";
				PRODUCT_NAME = "$(TARGET_NAME)";
			};
			name = Debug;
		};
		3E02E7A91606C12B008728D9 /* Release */ = {
			isa = XCBuildConfiguration;
			buildSettings = {
				CLANG_CXX_LANGUAGE_STANDARD = "gnu++0x";
				CLANG_WARN__DUPLICATE_METHOD_MATCH = YES;
				MACOSX_DEPLOYMENT_TARGET = 10.8;
				OTHER_CFLAGS = "";
				OTHER_LDFLAGS = "";
				PRODUCT_NAME = "$(TARGET_NAME)";
			};
			name = Release;
		};
		3E1C3E8E151C319D005E09E1 /* Debug */ = {
			isa = XCBuildConfiguration;
			buildSettings = {
				ALWAYS_SEARCH_USER_PATHS = NO;
				ARCHS = "$(ARCHS_STANDARD_64_BIT)";
				CLANG_ENABLE_OBJC_ARC = YES;
				COPY_PHASE_STRIP = NO;
				GCC_C_LANGUAGE_STANDARD = gnu99;
				GCC_DYNAMIC_NO_PIC = NO;
				GCC_ENABLE_OBJC_EXCEPTIONS = YES;
				GCC_OPTIMIZATION_LEVEL = 0;
				GCC_PREPROCESSOR_DEFINITIONS = (
					"DEBUG=1",
					"$(inherited)",
				);
				GCC_SYMBOLS_PRIVATE_EXTERN = NO;
				GCC_VERSION = com.apple.compilers.llvm.clang.1_0;
				GCC_WARN_64_TO_32_BIT_CONVERSION = YES;
				GCC_WARN_ABOUT_RETURN_TYPE = YES;
				GCC_WARN_UNINITIALIZED_AUTOS = YES;
				GCC_WARN_UNUSED_VARIABLE = YES;
				MACOSX_DEPLOYMENT_TARGET = 10.7;
				ONLY_ACTIVE_ARCH = YES;
				SDKROOT = macosx;
			};
			name = Debug;
		};
		3E1C3E8F151C319D005E09E1 /* Release */ = {
			isa = XCBuildConfiguration;
			buildSettings = {
				ALWAYS_SEARCH_USER_PATHS = NO;
				ARCHS = "$(ARCHS_STANDARD_64_BIT)";
				CLANG_ENABLE_OBJC_ARC = YES;
				COPY_PHASE_STRIP = YES;
				DEBUG_INFORMATION_FORMAT = "dwarf-with-dsym";
				GCC_C_LANGUAGE_STANDARD = gnu99;
				GCC_ENABLE_OBJC_EXCEPTIONS = YES;
				GCC_VERSION = com.apple.compilers.llvm.clang.1_0;
				GCC_WARN_64_TO_32_BIT_CONVERSION = YES;
				GCC_WARN_ABOUT_RETURN_TYPE = YES;
				GCC_WARN_UNINITIALIZED_AUTOS = YES;
				GCC_WARN_UNUSED_VARIABLE = YES;
				MACOSX_DEPLOYMENT_TARGET = 10.7;
				SDKROOT = macosx;
			};
			name = Release;
		};
		3E1C3E91151C319D005E09E1 /* Debug */ = {
			isa = XCBuildConfiguration;
			buildSettings = {
				COMBINE_HIDPI_IMAGES = YES;
				DYLIB_COMPATIBILITY_VERSION = 1;
				DYLIB_CURRENT_VERSION = 1;
				FRAMEWORK_SEARCH_PATHS = (
					"$(inherited)",
					"\"$(SRCROOT)\"",
				);
				FRAMEWORK_VERSION = A;
				GCC_GENERATE_TEST_COVERAGE_FILES = YES;
				GCC_INSTRUMENT_PROGRAM_FLOW_ARCS = YES;
				GCC_PRECOMPILE_PREFIX_HEADER = YES;
				GCC_PREFIX_HEADER = "Gedcom/Gedcom-Prefix.pch";
				INFOPLIST_FILE = "Gedcom/Gedcom-Info.plist";
				LIBRARY_SEARCH_PATHS = /Applications/Xcode.app/Contents/Developer/Toolchains/XcodeDefault.xctoolchain/usr/lib;
				PRODUCT_NAME = "$(TARGET_NAME)";
				WRAPPER_EXTENSION = framework;
			};
			name = Debug;
		};
		3E1C3E92151C319D005E09E1 /* Release */ = {
			isa = XCBuildConfiguration;
			buildSettings = {
				COMBINE_HIDPI_IMAGES = YES;
				DYLIB_COMPATIBILITY_VERSION = 1;
				DYLIB_CURRENT_VERSION = 1;
				FRAMEWORK_SEARCH_PATHS = (
					"$(inherited)",
					"\"$(SRCROOT)\"",
				);
				FRAMEWORK_VERSION = A;
				GCC_GENERATE_TEST_COVERAGE_FILES = YES;
				GCC_INSTRUMENT_PROGRAM_FLOW_ARCS = YES;
				GCC_PRECOMPILE_PREFIX_HEADER = YES;
				GCC_PREFIX_HEADER = "Gedcom/Gedcom-Prefix.pch";
				INFOPLIST_FILE = "Gedcom/Gedcom-Info.plist";
				LIBRARY_SEARCH_PATHS = /Applications/Xcode.app/Contents/Developer/Toolchains/XcodeDefault.xctoolchain/usr/lib;
				PRODUCT_NAME = "$(TARGET_NAME)";
				WRAPPER_EXTENSION = framework;
			};
			name = Release;
		};
		3E1C3E94151C319D005E09E1 /* Debug */ = {
			isa = XCBuildConfiguration;
			buildSettings = {
				COMBINE_HIDPI_IMAGES = YES;
				FRAMEWORK_SEARCH_PATHS = "$(DEVELOPER_LIBRARY_DIR)/Frameworks";
				GCC_PRECOMPILE_PREFIX_HEADER = YES;
				GCC_PREFIX_HEADER = "Gedcom/Gedcom-Prefix.pch";
				INFOPLIST_FILE = "GedcomTests/GedcomTests-Info.plist";
				OTHER_LDFLAGS = "";
				PRODUCT_NAME = "$(TARGET_NAME)";
				WRAPPER_EXTENSION = octest;
			};
			name = Debug;
		};
		3E1C3E95151C319D005E09E1 /* Release */ = {
			isa = XCBuildConfiguration;
			buildSettings = {
				COMBINE_HIDPI_IMAGES = YES;
				FRAMEWORK_SEARCH_PATHS = "$(DEVELOPER_LIBRARY_DIR)/Frameworks";
				GCC_PRECOMPILE_PREFIX_HEADER = YES;
				GCC_PREFIX_HEADER = "Gedcom/Gedcom-Prefix.pch";
				INFOPLIST_FILE = "GedcomTests/GedcomTests-Info.plist";
				OTHER_LDFLAGS = "";
				PRODUCT_NAME = "$(TARGET_NAME)";
				WRAPPER_EXTENSION = octest;
			};
			name = Release;
		};
		3E29DB31154AE1F100756CF4 /* Debug */ = {
			isa = XCBuildConfiguration;
			buildSettings = {
				COMBINE_HIDPI_IMAGES = YES;
				PRODUCT_NAME = "$(TARGET_NAME)";
			};
			name = Debug;
		};
		3E29DB32154AE1F100756CF4 /* Release */ = {
			isa = XCBuildConfiguration;
			buildSettings = {
				COMBINE_HIDPI_IMAGES = YES;
				PRODUCT_NAME = "$(TARGET_NAME)";
			};
			name = Release;
		};
		3E3995D3155DE4B500228946 /* Debug */ = {
			isa = XCBuildConfiguration;
			buildSettings = {
				COMBINE_HIDPI_IMAGES = YES;
				FRAMEWORK_SEARCH_PATHS = (
					"$(inherited)",
					"\"$(SRCROOT)\"",
				);
				GCC_PRECOMPILE_PREFIX_HEADER = YES;
				GCC_PREFIX_HEADER = "GedcomGUI/GedcomGUI-Prefix.pch";
				HEADER_SEARCH_PATHS = "\"$(SRCROOT)\"";
				INFOPLIST_FILE = "GedcomGUI/GedcomGUI-Info.plist";
				PRODUCT_NAME = "$(TARGET_NAME)";
				WRAPPER_EXTENSION = app;
			};
			name = Debug;
		};
		3E3995D4155DE4B500228946 /* Release */ = {
			isa = XCBuildConfiguration;
			buildSettings = {
				COMBINE_HIDPI_IMAGES = YES;
				FRAMEWORK_SEARCH_PATHS = (
					"$(inherited)",
					"\"$(SRCROOT)\"",
				);
				GCC_PRECOMPILE_PREFIX_HEADER = YES;
				GCC_PREFIX_HEADER = "GedcomGUI/GedcomGUI-Prefix.pch";
				HEADER_SEARCH_PATHS = "\"$(SRCROOT)\"";
				INFOPLIST_FILE = "GedcomGUI/GedcomGUI-Info.plist";
				PRODUCT_NAME = "$(TARGET_NAME)";
				WRAPPER_EXTENSION = app;
			};
			name = Release;
		};
		3E75835515F7EEE500A9B096 /* Debug */ = {
			isa = XCBuildConfiguration;
			buildSettings = {
				CLANG_CXX_LANGUAGE_STANDARD = "gnu++0x";
				CLANG_WARN__DUPLICATE_METHOD_MATCH = YES;
				DEBUGGING_SYMBOLS = YES;
				GCC_GENERATE_DEBUGGING_SYMBOLS = YES;
				GCC_OPTIMIZATION_LEVEL = 0;
				MACOSX_DEPLOYMENT_TARGET = 10.8;
				OTHER_CFLAGS = "";
				OTHER_LDFLAGS = "";
				PRODUCT_NAME = "$(TARGET_NAME)";
			};
			name = Debug;
		};
		3E75835615F7EEE500A9B096 /* Release */ = {
			isa = XCBuildConfiguration;
			buildSettings = {
				CLANG_CXX_LANGUAGE_STANDARD = "gnu++0x";
				CLANG_WARN__DUPLICATE_METHOD_MATCH = YES;
				MACOSX_DEPLOYMENT_TARGET = 10.8;
				OTHER_CFLAGS = "";
				OTHER_LDFLAGS = "";
				PRODUCT_NAME = "$(TARGET_NAME)";
			};
			name = Release;
		};
		3E75837115F8EA7200A9B096 /* Debug */ = {
			isa = XCBuildConfiguration;
			buildSettings = {
				CLANG_CXX_LANGUAGE_STANDARD = "gnu++0x";
				CLANG_WARN__DUPLICATE_METHOD_MATCH = YES;
				DEBUGGING_SYMBOLS = YES;
				GCC_GENERATE_DEBUGGING_SYMBOLS = YES;
				GCC_OPTIMIZATION_LEVEL = 0;
				MACOSX_DEPLOYMENT_TARGET = 10.8;
				OTHER_CFLAGS = "";
				OTHER_LDFLAGS = "";
				PRODUCT_NAME = "$(TARGET_NAME)";
			};
			name = Debug;
		};
		3E75837215F8EA7200A9B096 /* Release */ = {
			isa = XCBuildConfiguration;
			buildSettings = {
				CLANG_CXX_LANGUAGE_STANDARD = "gnu++0x";
				CLANG_WARN__DUPLICATE_METHOD_MATCH = YES;
				MACOSX_DEPLOYMENT_TARGET = 10.8;
				OTHER_CFLAGS = "";
				OTHER_LDFLAGS = "";
				PRODUCT_NAME = "$(TARGET_NAME)";
			};
			name = Release;
		};
		3E75837515F8EA7D00A9B096 /* Debug */ = {
			isa = XCBuildConfiguration;
			buildSettings = {
				PRODUCT_NAME = "$(TARGET_NAME)";
			};
			name = Debug;
		};
		3E75837615F8EA7D00A9B096 /* Release */ = {
			isa = XCBuildConfiguration;
			buildSettings = {
				PRODUCT_NAME = "$(TARGET_NAME)";
			};
			name = Release;
		};
		3E8C1E2E16255350005B3BE6 /* Debug */ = {
			isa = XCBuildConfiguration;
			buildSettings = {
				CLANG_CXX_LANGUAGE_STANDARD = "gnu++0x";
				CLANG_WARN__DUPLICATE_METHOD_MATCH = YES;
				COMBINE_HIDPI_IMAGES = YES;
				GCC_PRECOMPILE_PREFIX_HEADER = YES;
				GCC_PREFIX_HEADER = "GedcomTools/GedcomTools-Prefix.pch";
				INFOPLIST_FILE = "GedcomTools/GedcomTools-Info.plist";
				MACOSX_DEPLOYMENT_TARGET = 10.8;
				PRODUCT_NAME = "$(TARGET_NAME)";
				WRAPPER_EXTENSION = app;
			};
			name = Debug;
		};
		3E8C1E2F16255350005B3BE6 /* Release */ = {
			isa = XCBuildConfiguration;
			buildSettings = {
				CLANG_CXX_LANGUAGE_STANDARD = "gnu++0x";
				CLANG_WARN__DUPLICATE_METHOD_MATCH = YES;
				COMBINE_HIDPI_IMAGES = YES;
				GCC_PRECOMPILE_PREFIX_HEADER = YES;
				GCC_PREFIX_HEADER = "GedcomTools/GedcomTools-Prefix.pch";
				INFOPLIST_FILE = "GedcomTools/GedcomTools-Info.plist";
				MACOSX_DEPLOYMENT_TARGET = 10.8;
				PRODUCT_NAME = "$(TARGET_NAME)";
				WRAPPER_EXTENSION = app;
			};
			name = Release;
		};
/* End XCBuildConfiguration section */

/* Begin XCConfigurationList section */
		3E02E7AA1606C12B008728D9 /* Build configuration list for PBXLegacyTarget "Build Date Parser" */ = {
			isa = XCConfigurationList;
			buildConfigurations = (
				3E02E7A81606C12B008728D9 /* Debug */,
				3E02E7A91606C12B008728D9 /* Release */,
			);
			defaultConfigurationIsVisible = 0;
			defaultConfigurationName = Release;
		};
		3E1C3E5F151C319C005E09E1 /* Build configuration list for PBXProject "Gedcom" */ = {
			isa = XCConfigurationList;
			buildConfigurations = (
				3E1C3E8E151C319D005E09E1 /* Debug */,
				3E1C3E8F151C319D005E09E1 /* Release */,
			);
			defaultConfigurationIsVisible = 0;
			defaultConfigurationName = Release;
		};
		3E1C3E90151C319D005E09E1 /* Build configuration list for PBXNativeTarget "Gedcom" */ = {
			isa = XCConfigurationList;
			buildConfigurations = (
				3E1C3E91151C319D005E09E1 /* Debug */,
				3E1C3E92151C319D005E09E1 /* Release */,
			);
			defaultConfigurationIsVisible = 0;
			defaultConfigurationName = Release;
		};
		3E1C3E93151C319D005E09E1 /* Build configuration list for PBXNativeTarget "GedcomTests" */ = {
			isa = XCConfigurationList;
			buildConfigurations = (
				3E1C3E94151C319D005E09E1 /* Debug */,
				3E1C3E95151C319D005E09E1 /* Release */,
			);
			defaultConfigurationIsVisible = 0;
			defaultConfigurationName = Release;
		};
		3E29DB30154AE1F100756CF4 /* Build configuration list for PBXAggregateTarget "Documentation" */ = {
			isa = XCConfigurationList;
			buildConfigurations = (
				3E29DB31154AE1F100756CF4 /* Debug */,
				3E29DB32154AE1F100756CF4 /* Release */,
			);
			defaultConfigurationIsVisible = 0;
			defaultConfigurationName = Release;
		};
		3E3995D7155DE4B500228946 /* Build configuration list for PBXNativeTarget "GedcomGUI" */ = {
			isa = XCConfigurationList;
			buildConfigurations = (
				3E3995D3155DE4B500228946 /* Debug */,
				3E3995D4155DE4B500228946 /* Release */,
			);
			defaultConfigurationIsVisible = 0;
			defaultConfigurationName = Release;
		};
		3E75835415F7EEE500A9B096 /* Build configuration list for PBXLegacyTarget "Generate GCObject Subclasses" */ = {
			isa = XCConfigurationList;
			buildConfigurations = (
				3E75835515F7EEE500A9B096 /* Debug */,
				3E75835615F7EEE500A9B096 /* Release */,
			);
			defaultConfigurationIsVisible = 0;
			defaultConfigurationName = Release;
		};
		3E75837015F8EA7200A9B096 /* Build configuration list for PBXLegacyTarget "Build Age Parser" */ = {
			isa = XCConfigurationList;
			buildConfigurations = (
				3E75837115F8EA7200A9B096 /* Debug */,
				3E75837215F8EA7200A9B096 /* Release */,
			);
			defaultConfigurationIsVisible = 0;
			defaultConfigurationName = Release;
		};
		3E75837415F8EA7D00A9B096 /* Build configuration list for PBXAggregateTarget "Build Parsers" */ = {
			isa = XCConfigurationList;
			buildConfigurations = (
				3E75837515F8EA7D00A9B096 /* Debug */,
				3E75837615F8EA7D00A9B096 /* Release */,
			);
			defaultConfigurationIsVisible = 0;
			defaultConfigurationName = Release;
		};
		3E8C1E2D16255350005B3BE6 /* Build configuration list for PBXNativeTarget "GedcomTools" */ = {
			isa = XCConfigurationList;
			buildConfigurations = (
				3E8C1E2E16255350005B3BE6 /* Debug */,
				3E8C1E2F16255350005B3BE6 /* Release */,
			);
			defaultConfigurationIsVisible = 0;
			defaultConfigurationName = Release;
		};
/* End XCConfigurationList section */
	};
	rootObject = 3E1C3E5C151C319C005E09E1 /* Project object */;
}
